
Microsoft Visual Studio Solution File, Format Version 12.00
# Visual Studio 2013
VisualStudioVersion = 12.0.31101.0
MinimumVisualStudioVersion = 10.0.40219.1
Project("{FAE04EC0-301F-11D3-BF4B-00C04F79EFBC}") = "fifer_auth", "fifer_auth\fifer_auth.csproj", "{EB355AFB-D6DD-44CA-BED0-A451E5F5827B}"
EndProject
Project("{2150E333-8FDC-42A3-9474-1A3956D46DE8}") = "Services", "Services", "{4BEAC25E-95EC-4498-B087-F41F4B245C1B}"
EndProject
Project("{FAE04EC0-301F-11D3-BF4B-00C04F79EFBC}") = "AuthService", "AuthService\AuthService.csproj", "{02C693EC-BEC2-46F6-AA66-A5BE4DD112E7}"
EndProject
Project("{2150E333-8FDC-42A3-9474-1A3956D46DE8}") = "EntityContexts", "EntityContexts", "{CBE9E8B2-FA7B-4117-84AC-55C03BA86471}"
EndProject
Project("{FAE04EC0-301F-11D3-BF4B-00C04F79EFBC}") = "UserContext", "UserContext\UserContext.csproj", "{0604D378-0083-4218-90C6-734BD509A283}"
EndProject
Project("{2150E333-8FDC-42A3-9474-1A3956D46DE8}") = "Extensions", "Extensions", "{43D46326-A471-485F-9D15-AFCE10032102}"
EndProject
Project("{FAE04EC0-301F-11D3-BF4B-00C04F79EFBC}") = "EntityRepository", "EntityRepository\EntityRepository.csproj", "{A87259DD-F94F-4715-9F12-646D49A08049}"
EndProject
Project("{2150E333-8FDC-42A3-9474-1A3956D46DE8}") = "Models", "Models", "{DEBB0082-CB51-4FDC-8A24-BE4A4E6E3B87}"
EndProject
Project("{FAE04EC0-301F-11D3-BF4B-00C04F79EFBC}") = "AccessModel", "AccessModel\AccessModel.csproj", "{5696042A-6CB0-4726-B4A7-F338E69B3865}"
EndProject
Project("{2150E333-8FDC-42A3-9474-1A3956D46DE8}") = "Repositories", "Repositories", "{76DB51C8-7950-4B30-9E78-98D19293812D}"
EndProject
Project("{FAE04EC0-301F-11D3-BF4B-00C04F79EFBC}") = "AccessRepositories", "AccessRepositories\AccessRepositories.csproj", "{29AEA7E6-09F5-45C3-A692-B06ED76C6790}"
EndProject
Project("{FAE04EC0-301F-11D3-BF4B-00C04F79EFBC}") = "fifer_crm", "fifer_crm\fifer_crm.csproj", "{8BFB4F83-0619-491F-A7C2-3E5EF14018F3}"
EndProject
Project("{FAE04EC0-301F-11D3-BF4B-00C04F79EFBC}") = "CompanyContext", "CompanyContext\CompanyContext.csproj", "{16C83465-731C-4384-A61B-4BBA6F8C86C3}"
EndProject
Project("{FAE04EC0-301F-11D3-BF4B-00C04F79EFBC}") = "CompanyRepositories", "CompanyRepositories\CompanyRepositories.csproj", "{3F7FF331-C6F0-4C1A-BE15-165F509741EF}"
EndProject
Project("{FAE04EC0-301F-11D3-BF4B-00C04F79EFBC}") = "NotifyService", "NotifyService\NotifyService.csproj", "{E0A79F32-D5EE-4CA2-8575-E89BA453762B}"
EndProject
Project("{FAE04EC0-301F-11D3-BF4B-00C04F79EFBC}") = "CompanyModel", "CompanyModel\CompanyModel.csproj", "{5248C243-B0D5-42B0-B796-0805A05154EF}"
EndProject
Project("{FAE04EC0-301F-11D3-BF4B-00C04F79EFBC}") = "ImageHelper", "ImageHelper\ImageHelper.csproj", "{5445DC67-8AD8-4BC2-928F-46C96DF9FDE8}"
EndProject
Project("{FAE04EC0-301F-11D3-BF4B-00C04F79EFBC}") = "ExtensionHelpers", "ExtensionHelpers\ExtensionHelpers.csproj", "{240AEE1E-C04F-4079-826C-9E022588BA10}"
EndProject
Project("{FAE04EC0-301F-11D3-BF4B-00C04F79EFBC}") = "SupportContext", "SupportContext\SupportContext.csproj", "{126F2943-92DC-4923-B502-7B1A6776B09D}"
EndProject
Project("{FAE04EC0-301F-11D3-BF4B-00C04F79EFBC}") = "TicketModel", "TicketModel\TicketModel.csproj", "{4D75A3DA-C693-491F-8654-041F4A768E8B}"
EndProject
Project("{FAE04EC0-301F-11D3-BF4B-00C04F79EFBC}") = "Interfaces", "Interfaces\Interfaces.csproj", "{FE802D5C-69D5-4BE1-AB14-718654B9C686}"
EndProject
Project("{FAE04EC0-301F-11D3-BF4B-00C04F79EFBC}") = "EnumHelper", "EnumHelper\EnumHelper.csproj", "{51BAAE80-CAA9-4756-8787-8FFD4936BC12}"
EndProject
Project("{2150E333-8FDC-42A3-9474-1A3956D46DE8}") = "StateModel", "StateModel", "{B6B70F8D-DA73-4322-9B5A-161326F83818}"
EndProject
Project("{FAE04EC0-301F-11D3-BF4B-00C04F79EFBC}") = "fifer_wf", "fifer_wf\fifer_wf.csproj", "{FC0F6BE2-8306-4BA1-A3F1-C79F9F40B1C0}"
EndProject
Project("{2150E333-8FDC-42A3-9474-1A3956D46DE8}") = "WF", "WF", "{BBBE9E6D-39D2-42B3-BEA8-6B17C83005ED}"
EndProject
Project("{FAE04EC0-301F-11D3-BF4B-00C04F79EFBC}") = "StateMachine", "StateMachine\StateMachine.csproj", "{16DAC80B-CCAC-43A3-9DFF-54C3604D4983}"
EndProject
Project("{FAE04EC0-301F-11D3-BF4B-00C04F79EFBC}") = "WFActivities", "WFAcivities\WFActivities.csproj", "{3E1CD924-F83E-419A-828E-1D9DC772E64C}"
EndProject
Project("{FAE04EC0-301F-11D3-BF4B-00C04F79EFBC}") = "Settings", "Settings\Settings.csproj", "{B7E78673-3D44-4503-9253-16FA013BD456}"
EndProject
Project("{FAE04EC0-301F-11D3-BF4B-00C04F79EFBC}") = "TicketRepositories", "TicketRepositories\TicketRepositories.csproj", "{657D68F7-A674-4886-8DF6-C6AEA81B0AC4}"
EndProject
Project("{FAE04EC0-301F-11D3-BF4B-00C04F79EFBC}") = "SignalrService", "SignalrService\SignalrService.csproj", "{DBDCE9D5-C78A-4C35-B22D-FD21334C481D}"
EndProject
Project("{FAE04EC0-301F-11D3-BF4B-00C04F79EFBC}") = "TaskModel", "TaskModel\TaskModel.csproj", "{9C3AA9FD-5B9A-47D4-B8E3-3E4552B84745}"
EndProject
Project("{FAE04EC0-301F-11D3-BF4B-00C04F79EFBC}") = "LogService", "LogService\LogService.csproj", "{56DB5FE7-AFDD-4564-B8CE-CEC1D7203762}"
EndProject
Project("{FAE04EC0-301F-11D3-BF4B-00C04F79EFBC}") = "LogContext", "LogContext\LogContext.csproj", "{6839F2A0-D3FC-4FC9-8A75-389709586B4C}"
EndProject
Project("{FAE04EC0-301F-11D3-BF4B-00C04F79EFBC}") = "LogRepositories", "LogRepositories\LogRepositories.csproj", "{C9DC80F0-1108-4BBB-947D-9EA7823F129A}"
EndProject
Project("{FAE04EC0-301F-11D3-BF4B-00C04F79EFBC}") = "PatternTemplate", "PatternTemplate\PatternTemplate.csproj", "{BD517582-EFBB-443F-AD3C-49DA785F780A}"
EndProject
Project("{FAE04EC0-301F-11D3-BF4B-00C04F79EFBC}") = "NotifyModel", "NotifyModel\NotifyModel.csproj", "{46A762D4-8631-4757-8121-D4D2A5B357BB}"
EndProject
Project("{FAE04EC0-301F-11D3-BF4B-00C04F79EFBC}") = "NotifyEventModel", "NotifyEventModel\NotifyEventModel.csproj", "{63ACD34E-4F73-458E-91D5-1079E101F45C}"
EndProject
Project("{FAE04EC0-301F-11D3-BF4B-00C04F79EFBC}") = "CRMContext", "CRMContext\CRMContext.csproj", "{CF2E02C5-C751-4645-86E5-15D3D83FF3F3}"
EndProject
Project("{FAE04EC0-301F-11D3-BF4B-00C04F79EFBC}") = "CRMExchangeService", "CRMExchangeService\CRMExchangeService.csproj", "{A5E51F65-A7AD-4386-B02C-C03070FDA69D}"
EndProject
Project("{FAE04EC0-301F-11D3-BF4B-00C04F79EFBC}") = "CRMRepositories", "CRMRepositories\CRMRepositories.csproj", "{2D57160A-F278-4E1B-AF03-9644B02935E9}"
EndProject
Project("{FAE04EC0-301F-11D3-BF4B-00C04F79EFBC}") = "XMLModel", "XMLModel\XMLModel.csproj", "{C03260C6-F98E-4E3A-A0FF-7A184EA74AF5}"
EndProject
Project("{FAE04EC0-301F-11D3-BF4B-00C04F79EFBC}") = "CRMModel", "CRMModel\CRMModel.csproj", "{770E0E2B-3C06-4DF2-8EB8-54F0B1774090}"
EndProject
Project("{FAE04EC0-301F-11D3-BF4B-00C04F79EFBC}") = "CRMLocalContext", "CRMLocalContext\CRMLocalContext.csproj", "{030A76F5-561B-4B33-9931-A5DC798042FE}"
EndProject
Project("{FAE04EC0-301F-11D3-BF4B-00C04F79EFBC}") = "MailService", "MailService\MailService.csproj", "{537D71AA-B881-4F39-9F84-DF3A77B0E40D}"
EndProject
Project("{FAE04EC0-301F-11D3-BF4B-00C04F79EFBC}") = "FinanceRepositories", "FinanceRepositories\FinanceRepositories.csproj", "{0C93209C-0113-432C-9D1F-DF223AF9C2D4}"
EndProject
Project("{FAE04EC0-301F-11D3-BF4B-00C04F79EFBC}") = "FinanceModel", "FinanceModel\FinanceModel.csproj", "{DB61B3F5-6659-4047-A5D3-5A3D4636614B}"
EndProject
Project("{FAE04EC0-301F-11D3-BF4B-00C04F79EFBC}") = "FilterModel", "FilterModel\FilterModel.csproj", "{8A3919BA-172A-4746-BE55-C41820F5DF8C}"
EndProject
Project("{FAE04EC0-301F-11D3-BF4B-00C04F79EFBC}") = "ReportService", "ReportService\ReportService.csproj", "{8074BAC8-F7C6-469D-8CB7-75B1ED825783}"
EndProject
Project("{FAE04EC0-301F-11D3-BF4B-00C04F79EFBC}") = "LoaderService", "LoaderService\LoaderService.csproj", "{AC03ADB1-78BA-4B84-9E49-6ACEEEB13FE6}"
EndProject
Project("{FAE04EC0-301F-11D3-BF4B-00C04F79EFBC}") = "LandingModel", "LandingModel\LandingModel.csproj", "{FABF4906-188F-4228-B5C2-57665586E507}"
EndProject
Project("{FAE04EC0-301F-11D3-BF4B-00C04F79EFBC}") = "SiteConstructor", "LandingConstructor\SiteConstructor.csproj", "{2C4D43CF-5B38-4163-AC37-D33DE07494F2}"
EndProject
Project("{FAE04EC0-301F-11D3-BF4B-00C04F79EFBC}") = "ConstructorWizards", "ConstructorWizards\ConstructorWizards.csproj", "{7EFCD669-EA3A-43A2-B676-91279BF62116}"
EndProject
Project("{2150E333-8FDC-42A3-9474-1A3956D46DE8}") = "WWWConstructors", "WWWConstructors", "{53297F46-6BC9-45C5-BCE0-FCD9BA6E7E59}"
EndProject
Project("{FAE04EC0-301F-11D3-BF4B-00C04F79EFBC}") = "ConstructorLandingContext", "ConstructorLandingContext\ConstructorLandingContext.csproj", "{57F3BAEC-4741-400C-BC24-479A6CE0A3F1}"
EndProject
Project("{FAE04EC0-301F-11D3-BF4B-00C04F79EFBC}") = "ConstructorRepositories", "ConstructorRepositories\ConstructorRepositories.csproj", "{D87B981E-3056-42E1-99E3-7B55DB3077C1}"
EndProject
Project("{FAE04EC0-301F-11D3-BF4B-00C04F79EFBC}") = "PasteBoardModel", "PasteBoardModel\PasteBoardModel.csproj", "{42593131-A83B-4496-B214-420FE184F06E}"
EndProject
Project("{FAE04EC0-301F-11D3-BF4B-00C04F79EFBC}") = "SiteModel", "SiteModel\SiteModel.csproj", "{A09D861A-E726-4693-860B-AEDB45C4EA6F}"
EndProject
Project("{FAE04EC0-301F-11D3-BF4B-00C04F79EFBC}") = "ContentSearchService", "ContentSearchService\ContentSearchService.csproj", "{43CE1E0F-C159-4446-98A7-6AB5768AF49B}"
EndProject
Global
	GlobalSection(SolutionConfigurationPlatforms) = preSolution
		Debug|Any CPU = Debug|Any CPU
		DebugDemo|Any CPU = DebugDemo|Any CPU
		DebugSqlExress|Any CPU = DebugSqlExress|Any CPU
		Release|Any CPU = Release|Any CPU
		ReleaseDBVault|Any CPU = ReleaseDBVault|Any CPU
		ReleaseSQL-Vault|Any CPU = ReleaseSQL-Vault|Any CPU
	EndGlobalSection
	GlobalSection(ProjectConfigurationPlatforms) = postSolution
		{EB355AFB-D6DD-44CA-BED0-A451E5F5827B}.Debug|Any CPU.ActiveCfg = Debug|Any CPU
		{EB355AFB-D6DD-44CA-BED0-A451E5F5827B}.Debug|Any CPU.Build.0 = Debug|Any CPU
		{EB355AFB-D6DD-44CA-BED0-A451E5F5827B}.DebugDemo|Any CPU.ActiveCfg = Debug|Any CPU
		{EB355AFB-D6DD-44CA-BED0-A451E5F5827B}.DebugDemo|Any CPU.Build.0 = Debug|Any CPU
		{EB355AFB-D6DD-44CA-BED0-A451E5F5827B}.DebugSqlExress|Any CPU.ActiveCfg = Debug|Any CPU
		{EB355AFB-D6DD-44CA-BED0-A451E5F5827B}.DebugSqlExress|Any CPU.Build.0 = Debug|Any CPU
		{EB355AFB-D6DD-44CA-BED0-A451E5F5827B}.Release|Any CPU.ActiveCfg = Release|Any CPU
		{EB355AFB-D6DD-44CA-BED0-A451E5F5827B}.Release|Any CPU.Build.0 = Release|Any CPU
		{EB355AFB-D6DD-44CA-BED0-A451E5F5827B}.ReleaseDBVault|Any CPU.ActiveCfg = Release|Any CPU
		{EB355AFB-D6DD-44CA-BED0-A451E5F5827B}.ReleaseDBVault|Any CPU.Build.0 = Release|Any CPU
		{EB355AFB-D6DD-44CA-BED0-A451E5F5827B}.ReleaseSQL-Vault|Any CPU.ActiveCfg = Release|Any CPU
		{EB355AFB-D6DD-44CA-BED0-A451E5F5827B}.ReleaseSQL-Vault|Any CPU.Build.0 = Release|Any CPU
		{02C693EC-BEC2-46F6-AA66-A5BE4DD112E7}.Debug|Any CPU.ActiveCfg = Debug|Any CPU
		{02C693EC-BEC2-46F6-AA66-A5BE4DD112E7}.Debug|Any CPU.Build.0 = Debug|Any CPU
		{02C693EC-BEC2-46F6-AA66-A5BE4DD112E7}.DebugDemo|Any CPU.ActiveCfg = Debug|Any CPU
		{02C693EC-BEC2-46F6-AA66-A5BE4DD112E7}.DebugDemo|Any CPU.Build.0 = Debug|Any CPU
		{02C693EC-BEC2-46F6-AA66-A5BE4DD112E7}.DebugSqlExress|Any CPU.ActiveCfg = Debug|Any CPU
		{02C693EC-BEC2-46F6-AA66-A5BE4DD112E7}.DebugSqlExress|Any CPU.Build.0 = Debug|Any CPU
		{02C693EC-BEC2-46F6-AA66-A5BE4DD112E7}.Release|Any CPU.ActiveCfg = Release|Any CPU
		{02C693EC-BEC2-46F6-AA66-A5BE4DD112E7}.Release|Any CPU.Build.0 = Release|Any CPU
		{02C693EC-BEC2-46F6-AA66-A5BE4DD112E7}.ReleaseDBVault|Any CPU.ActiveCfg = Release|Any CPU
		{02C693EC-BEC2-46F6-AA66-A5BE4DD112E7}.ReleaseDBVault|Any CPU.Build.0 = Release|Any CPU
		{02C693EC-BEC2-46F6-AA66-A5BE4DD112E7}.ReleaseSQL-Vault|Any CPU.ActiveCfg = Release|Any CPU
		{02C693EC-BEC2-46F6-AA66-A5BE4DD112E7}.ReleaseSQL-Vault|Any CPU.Build.0 = Release|Any CPU
		{0604D378-0083-4218-90C6-734BD509A283}.Debug|Any CPU.ActiveCfg = Debug|Any CPU
		{0604D378-0083-4218-90C6-734BD509A283}.Debug|Any CPU.Build.0 = Debug|Any CPU
		{0604D378-0083-4218-90C6-734BD509A283}.DebugDemo|Any CPU.ActiveCfg = Debug|Any CPU
		{0604D378-0083-4218-90C6-734BD509A283}.DebugDemo|Any CPU.Build.0 = Debug|Any CPU
		{0604D378-0083-4218-90C6-734BD509A283}.DebugSqlExress|Any CPU.ActiveCfg = Debug|Any CPU
		{0604D378-0083-4218-90C6-734BD509A283}.DebugSqlExress|Any CPU.Build.0 = Debug|Any CPU
		{0604D378-0083-4218-90C6-734BD509A283}.Release|Any CPU.ActiveCfg = Release|Any CPU
		{0604D378-0083-4218-90C6-734BD509A283}.Release|Any CPU.Build.0 = Release|Any CPU
		{0604D378-0083-4218-90C6-734BD509A283}.ReleaseDBVault|Any CPU.ActiveCfg = Release|Any CPU
		{0604D378-0083-4218-90C6-734BD509A283}.ReleaseDBVault|Any CPU.Build.0 = Release|Any CPU
		{0604D378-0083-4218-90C6-734BD509A283}.ReleaseSQL-Vault|Any CPU.ActiveCfg = Release|Any CPU
		{0604D378-0083-4218-90C6-734BD509A283}.ReleaseSQL-Vault|Any CPU.Build.0 = Release|Any CPU
		{A87259DD-F94F-4715-9F12-646D49A08049}.Debug|Any CPU.ActiveCfg = Debug|Any CPU
		{A87259DD-F94F-4715-9F12-646D49A08049}.Debug|Any CPU.Build.0 = Debug|Any CPU
		{A87259DD-F94F-4715-9F12-646D49A08049}.DebugDemo|Any CPU.ActiveCfg = DebugAzure|Any CPU
		{A87259DD-F94F-4715-9F12-646D49A08049}.DebugDemo|Any CPU.Build.0 = DebugAzure|Any CPU
		{A87259DD-F94F-4715-9F12-646D49A08049}.DebugSqlExress|Any CPU.ActiveCfg = DebugSqlExress|Any CPU
		{A87259DD-F94F-4715-9F12-646D49A08049}.DebugSqlExress|Any CPU.Build.0 = DebugSqlExress|Any CPU
		{A87259DD-F94F-4715-9F12-646D49A08049}.Release|Any CPU.ActiveCfg = Release|Any CPU
		{A87259DD-F94F-4715-9F12-646D49A08049}.Release|Any CPU.Build.0 = Release|Any CPU
		{A87259DD-F94F-4715-9F12-646D49A08049}.ReleaseDBVault|Any CPU.ActiveCfg = ReleaseDBVault|Any CPU
		{A87259DD-F94F-4715-9F12-646D49A08049}.ReleaseDBVault|Any CPU.Build.0 = ReleaseDBVault|Any CPU
		{A87259DD-F94F-4715-9F12-646D49A08049}.ReleaseSQL-Vault|Any CPU.ActiveCfg = ReleaseSQL-Vault|Any CPU
		{A87259DD-F94F-4715-9F12-646D49A08049}.ReleaseSQL-Vault|Any CPU.Build.0 = ReleaseSQL-Vault|Any CPU
		{5696042A-6CB0-4726-B4A7-F338E69B3865}.Debug|Any CPU.ActiveCfg = Debug|Any CPU
		{5696042A-6CB0-4726-B4A7-F338E69B3865}.Debug|Any CPU.Build.0 = Debug|Any CPU
		{5696042A-6CB0-4726-B4A7-F338E69B3865}.DebugDemo|Any CPU.ActiveCfg = Debug|Any CPU
		{5696042A-6CB0-4726-B4A7-F338E69B3865}.DebugDemo|Any CPU.Build.0 = Debug|Any CPU
		{5696042A-6CB0-4726-B4A7-F338E69B3865}.DebugSqlExress|Any CPU.ActiveCfg = Debug|Any CPU
		{5696042A-6CB0-4726-B4A7-F338E69B3865}.DebugSqlExress|Any CPU.Build.0 = Debug|Any CPU
		{5696042A-6CB0-4726-B4A7-F338E69B3865}.Release|Any CPU.ActiveCfg = Release|Any CPU
		{5696042A-6CB0-4726-B4A7-F338E69B3865}.Release|Any CPU.Build.0 = Release|Any CPU
		{5696042A-6CB0-4726-B4A7-F338E69B3865}.ReleaseDBVault|Any CPU.ActiveCfg = Release|Any CPU
		{5696042A-6CB0-4726-B4A7-F338E69B3865}.ReleaseDBVault|Any CPU.Build.0 = Release|Any CPU
		{5696042A-6CB0-4726-B4A7-F338E69B3865}.ReleaseSQL-Vault|Any CPU.ActiveCfg = Release|Any CPU
		{5696042A-6CB0-4726-B4A7-F338E69B3865}.ReleaseSQL-Vault|Any CPU.Build.0 = Release|Any CPU
		{29AEA7E6-09F5-45C3-A692-B06ED76C6790}.Debug|Any CPU.ActiveCfg = Debug|Any CPU
		{29AEA7E6-09F5-45C3-A692-B06ED76C6790}.Debug|Any CPU.Build.0 = Debug|Any CPU
		{29AEA7E6-09F5-45C3-A692-B06ED76C6790}.DebugDemo|Any CPU.ActiveCfg = Debug|Any CPU
		{29AEA7E6-09F5-45C3-A692-B06ED76C6790}.DebugDemo|Any CPU.Build.0 = Debug|Any CPU
		{29AEA7E6-09F5-45C3-A692-B06ED76C6790}.DebugSqlExress|Any CPU.ActiveCfg = Debug|Any CPU
		{29AEA7E6-09F5-45C3-A692-B06ED76C6790}.DebugSqlExress|Any CPU.Build.0 = Debug|Any CPU
		{29AEA7E6-09F5-45C3-A692-B06ED76C6790}.Release|Any CPU.ActiveCfg = Release|Any CPU
		{29AEA7E6-09F5-45C3-A692-B06ED76C6790}.Release|Any CPU.Build.0 = Release|Any CPU
		{29AEA7E6-09F5-45C3-A692-B06ED76C6790}.ReleaseDBVault|Any CPU.ActiveCfg = Release|Any CPU
		{29AEA7E6-09F5-45C3-A692-B06ED76C6790}.ReleaseDBVault|Any CPU.Build.0 = Release|Any CPU
		{29AEA7E6-09F5-45C3-A692-B06ED76C6790}.ReleaseSQL-Vault|Any CPU.ActiveCfg = Release|Any CPU
		{29AEA7E6-09F5-45C3-A692-B06ED76C6790}.ReleaseSQL-Vault|Any CPU.Build.0 = Release|Any CPU
		{8BFB4F83-0619-491F-A7C2-3E5EF14018F3}.Debug|Any CPU.ActiveCfg = Debug|Any CPU
		{8BFB4F83-0619-491F-A7C2-3E5EF14018F3}.Debug|Any CPU.Build.0 = Debug|Any CPU
		{8BFB4F83-0619-491F-A7C2-3E5EF14018F3}.DebugDemo|Any CPU.ActiveCfg = Debug|Any CPU
		{8BFB4F83-0619-491F-A7C2-3E5EF14018F3}.DebugDemo|Any CPU.Build.0 = Debug|Any CPU
		{8BFB4F83-0619-491F-A7C2-3E5EF14018F3}.DebugSqlExress|Any CPU.ActiveCfg = Debug|Any CPU
		{8BFB4F83-0619-491F-A7C2-3E5EF14018F3}.DebugSqlExress|Any CPU.Build.0 = Debug|Any CPU
		{8BFB4F83-0619-491F-A7C2-3E5EF14018F3}.Release|Any CPU.ActiveCfg = Release|Any CPU
		{8BFB4F83-0619-491F-A7C2-3E5EF14018F3}.Release|Any CPU.Build.0 = Release|Any CPU
		{8BFB4F83-0619-491F-A7C2-3E5EF14018F3}.ReleaseDBVault|Any CPU.ActiveCfg = Release|Any CPU
		{8BFB4F83-0619-491F-A7C2-3E5EF14018F3}.ReleaseDBVault|Any CPU.Build.0 = Release|Any CPU
		{8BFB4F83-0619-491F-A7C2-3E5EF14018F3}.ReleaseSQL-Vault|Any CPU.ActiveCfg = Release|Any CPU
		{8BFB4F83-0619-491F-A7C2-3E5EF14018F3}.ReleaseSQL-Vault|Any CPU.Build.0 = Release|Any CPU
		{16C83465-731C-4384-A61B-4BBA6F8C86C3}.Debug|Any CPU.ActiveCfg = Debug|Any CPU
		{16C83465-731C-4384-A61B-4BBA6F8C86C3}.Debug|Any CPU.Build.0 = Debug|Any CPU
		{16C83465-731C-4384-A61B-4BBA6F8C86C3}.DebugDemo|Any CPU.ActiveCfg = Debug|Any CPU
		{16C83465-731C-4384-A61B-4BBA6F8C86C3}.DebugDemo|Any CPU.Build.0 = Debug|Any CPU
		{16C83465-731C-4384-A61B-4BBA6F8C86C3}.DebugSqlExress|Any CPU.ActiveCfg = Debug|Any CPU
		{16C83465-731C-4384-A61B-4BBA6F8C86C3}.DebugSqlExress|Any CPU.Build.0 = Debug|Any CPU
		{16C83465-731C-4384-A61B-4BBA6F8C86C3}.Release|Any CPU.ActiveCfg = Release|Any CPU
		{16C83465-731C-4384-A61B-4BBA6F8C86C3}.Release|Any CPU.Build.0 = Release|Any CPU
		{16C83465-731C-4384-A61B-4BBA6F8C86C3}.ReleaseDBVault|Any CPU.ActiveCfg = Release|Any CPU
		{16C83465-731C-4384-A61B-4BBA6F8C86C3}.ReleaseDBVault|Any CPU.Build.0 = Release|Any CPU
		{16C83465-731C-4384-A61B-4BBA6F8C86C3}.ReleaseSQL-Vault|Any CPU.ActiveCfg = Release|Any CPU
		{16C83465-731C-4384-A61B-4BBA6F8C86C3}.ReleaseSQL-Vault|Any CPU.Build.0 = Release|Any CPU
		{3F7FF331-C6F0-4C1A-BE15-165F509741EF}.Debug|Any CPU.ActiveCfg = Debug|Any CPU
		{3F7FF331-C6F0-4C1A-BE15-165F509741EF}.Debug|Any CPU.Build.0 = Debug|Any CPU
		{3F7FF331-C6F0-4C1A-BE15-165F509741EF}.DebugDemo|Any CPU.ActiveCfg = Debug|Any CPU
		{3F7FF331-C6F0-4C1A-BE15-165F509741EF}.DebugDemo|Any CPU.Build.0 = Debug|Any CPU
		{3F7FF331-C6F0-4C1A-BE15-165F509741EF}.DebugSqlExress|Any CPU.ActiveCfg = Debug|Any CPU
		{3F7FF331-C6F0-4C1A-BE15-165F509741EF}.DebugSqlExress|Any CPU.Build.0 = Debug|Any CPU
		{3F7FF331-C6F0-4C1A-BE15-165F509741EF}.Release|Any CPU.ActiveCfg = Release|Any CPU
		{3F7FF331-C6F0-4C1A-BE15-165F509741EF}.Release|Any CPU.Build.0 = Release|Any CPU
		{3F7FF331-C6F0-4C1A-BE15-165F509741EF}.ReleaseDBVault|Any CPU.ActiveCfg = Release|Any CPU
		{3F7FF331-C6F0-4C1A-BE15-165F509741EF}.ReleaseDBVault|Any CPU.Build.0 = Release|Any CPU
		{3F7FF331-C6F0-4C1A-BE15-165F509741EF}.ReleaseSQL-Vault|Any CPU.ActiveCfg = Release|Any CPU
		{3F7FF331-C6F0-4C1A-BE15-165F509741EF}.ReleaseSQL-Vault|Any CPU.Build.0 = Release|Any CPU
		{E0A79F32-D5EE-4CA2-8575-E89BA453762B}.Debug|Any CPU.ActiveCfg = Debug|Any CPU
		{E0A79F32-D5EE-4CA2-8575-E89BA453762B}.Debug|Any CPU.Build.0 = Debug|Any CPU
		{E0A79F32-D5EE-4CA2-8575-E89BA453762B}.DebugDemo|Any CPU.ActiveCfg = Debug|Any CPU
		{E0A79F32-D5EE-4CA2-8575-E89BA453762B}.DebugDemo|Any CPU.Build.0 = Debug|Any CPU
		{E0A79F32-D5EE-4CA2-8575-E89BA453762B}.DebugSqlExress|Any CPU.ActiveCfg = Debug|Any CPU
		{E0A79F32-D5EE-4CA2-8575-E89BA453762B}.DebugSqlExress|Any CPU.Build.0 = Debug|Any CPU
		{E0A79F32-D5EE-4CA2-8575-E89BA453762B}.Release|Any CPU.ActiveCfg = Release|Any CPU
		{E0A79F32-D5EE-4CA2-8575-E89BA453762B}.Release|Any CPU.Build.0 = Release|Any CPU
		{E0A79F32-D5EE-4CA2-8575-E89BA453762B}.ReleaseDBVault|Any CPU.ActiveCfg = Release|Any CPU
		{E0A79F32-D5EE-4CA2-8575-E89BA453762B}.ReleaseDBVault|Any CPU.Build.0 = Release|Any CPU
		{E0A79F32-D5EE-4CA2-8575-E89BA453762B}.ReleaseSQL-Vault|Any CPU.ActiveCfg = Release|Any CPU
		{E0A79F32-D5EE-4CA2-8575-E89BA453762B}.ReleaseSQL-Vault|Any CPU.Build.0 = Release|Any CPU
		{5248C243-B0D5-42B0-B796-0805A05154EF}.Debug|Any CPU.ActiveCfg = Debug|Any CPU
		{5248C243-B0D5-42B0-B796-0805A05154EF}.Debug|Any CPU.Build.0 = Debug|Any CPU
		{5248C243-B0D5-42B0-B796-0805A05154EF}.DebugDemo|Any CPU.ActiveCfg = Debug|Any CPU
		{5248C243-B0D5-42B0-B796-0805A05154EF}.DebugDemo|Any CPU.Build.0 = Debug|Any CPU
		{5248C243-B0D5-42B0-B796-0805A05154EF}.DebugSqlExress|Any CPU.ActiveCfg = Debug|Any CPU
		{5248C243-B0D5-42B0-B796-0805A05154EF}.DebugSqlExress|Any CPU.Build.0 = Debug|Any CPU
		{5248C243-B0D5-42B0-B796-0805A05154EF}.Release|Any CPU.ActiveCfg = Release|Any CPU
		{5248C243-B0D5-42B0-B796-0805A05154EF}.Release|Any CPU.Build.0 = Release|Any CPU
		{5248C243-B0D5-42B0-B796-0805A05154EF}.ReleaseDBVault|Any CPU.ActiveCfg = Release|Any CPU
		{5248C243-B0D5-42B0-B796-0805A05154EF}.ReleaseDBVault|Any CPU.Build.0 = Release|Any CPU
		{5248C243-B0D5-42B0-B796-0805A05154EF}.ReleaseSQL-Vault|Any CPU.ActiveCfg = Release|Any CPU
		{5248C243-B0D5-42B0-B796-0805A05154EF}.ReleaseSQL-Vault|Any CPU.Build.0 = Release|Any CPU
		{5445DC67-8AD8-4BC2-928F-46C96DF9FDE8}.Debug|Any CPU.ActiveCfg = Debug|Any CPU
		{5445DC67-8AD8-4BC2-928F-46C96DF9FDE8}.Debug|Any CPU.Build.0 = Debug|Any CPU
		{5445DC67-8AD8-4BC2-928F-46C96DF9FDE8}.DebugDemo|Any CPU.ActiveCfg = Debug|Any CPU
		{5445DC67-8AD8-4BC2-928F-46C96DF9FDE8}.DebugDemo|Any CPU.Build.0 = Debug|Any CPU
		{5445DC67-8AD8-4BC2-928F-46C96DF9FDE8}.DebugSqlExress|Any CPU.ActiveCfg = Debug|Any CPU
		{5445DC67-8AD8-4BC2-928F-46C96DF9FDE8}.DebugSqlExress|Any CPU.Build.0 = Debug|Any CPU
		{5445DC67-8AD8-4BC2-928F-46C96DF9FDE8}.Release|Any CPU.ActiveCfg = Release|Any CPU
		{5445DC67-8AD8-4BC2-928F-46C96DF9FDE8}.Release|Any CPU.Build.0 = Release|Any CPU
		{5445DC67-8AD8-4BC2-928F-46C96DF9FDE8}.ReleaseDBVault|Any CPU.ActiveCfg = Release|Any CPU
		{5445DC67-8AD8-4BC2-928F-46C96DF9FDE8}.ReleaseDBVault|Any CPU.Build.0 = Release|Any CPU
		{5445DC67-8AD8-4BC2-928F-46C96DF9FDE8}.ReleaseSQL-Vault|Any CPU.ActiveCfg = Release|Any CPU
		{5445DC67-8AD8-4BC2-928F-46C96DF9FDE8}.ReleaseSQL-Vault|Any CPU.Build.0 = Release|Any CPU
		{240AEE1E-C04F-4079-826C-9E022588BA10}.Debug|Any CPU.ActiveCfg = Debug|Any CPU
		{240AEE1E-C04F-4079-826C-9E022588BA10}.Debug|Any CPU.Build.0 = Debug|Any CPU
		{240AEE1E-C04F-4079-826C-9E022588BA10}.DebugDemo|Any CPU.ActiveCfg = Debug|Any CPU
		{240AEE1E-C04F-4079-826C-9E022588BA10}.DebugDemo|Any CPU.Build.0 = Debug|Any CPU
		{240AEE1E-C04F-4079-826C-9E022588BA10}.DebugSqlExress|Any CPU.ActiveCfg = Debug|Any CPU
		{240AEE1E-C04F-4079-826C-9E022588BA10}.DebugSqlExress|Any CPU.Build.0 = Debug|Any CPU
		{240AEE1E-C04F-4079-826C-9E022588BA10}.Release|Any CPU.ActiveCfg = Release|Any CPU
		{240AEE1E-C04F-4079-826C-9E022588BA10}.Release|Any CPU.Build.0 = Release|Any CPU
		{240AEE1E-C04F-4079-826C-9E022588BA10}.ReleaseDBVault|Any CPU.ActiveCfg = Release|Any CPU
		{240AEE1E-C04F-4079-826C-9E022588BA10}.ReleaseDBVault|Any CPU.Build.0 = Release|Any CPU
		{240AEE1E-C04F-4079-826C-9E022588BA10}.ReleaseSQL-Vault|Any CPU.ActiveCfg = Release|Any CPU
		{240AEE1E-C04F-4079-826C-9E022588BA10}.ReleaseSQL-Vault|Any CPU.Build.0 = Release|Any CPU
		{126F2943-92DC-4923-B502-7B1A6776B09D}.Debug|Any CPU.ActiveCfg = Debug|Any CPU
		{126F2943-92DC-4923-B502-7B1A6776B09D}.Debug|Any CPU.Build.0 = Debug|Any CPU
		{126F2943-92DC-4923-B502-7B1A6776B09D}.DebugDemo|Any CPU.ActiveCfg = Debug|Any CPU
		{126F2943-92DC-4923-B502-7B1A6776B09D}.DebugDemo|Any CPU.Build.0 = Debug|Any CPU
		{126F2943-92DC-4923-B502-7B1A6776B09D}.DebugSqlExress|Any CPU.ActiveCfg = Debug|Any CPU
		{126F2943-92DC-4923-B502-7B1A6776B09D}.DebugSqlExress|Any CPU.Build.0 = Debug|Any CPU
		{126F2943-92DC-4923-B502-7B1A6776B09D}.Release|Any CPU.ActiveCfg = Release|Any CPU
		{126F2943-92DC-4923-B502-7B1A6776B09D}.Release|Any CPU.Build.0 = Release|Any CPU
		{126F2943-92DC-4923-B502-7B1A6776B09D}.ReleaseDBVault|Any CPU.ActiveCfg = Release|Any CPU
		{126F2943-92DC-4923-B502-7B1A6776B09D}.ReleaseDBVault|Any CPU.Build.0 = Release|Any CPU
		{126F2943-92DC-4923-B502-7B1A6776B09D}.ReleaseSQL-Vault|Any CPU.ActiveCfg = Release|Any CPU
		{126F2943-92DC-4923-B502-7B1A6776B09D}.ReleaseSQL-Vault|Any CPU.Build.0 = Release|Any CPU
		{4D75A3DA-C693-491F-8654-041F4A768E8B}.Debug|Any CPU.ActiveCfg = Debug|Any CPU
		{4D75A3DA-C693-491F-8654-041F4A768E8B}.Debug|Any CPU.Build.0 = Debug|Any CPU
		{4D75A3DA-C693-491F-8654-041F4A768E8B}.DebugDemo|Any CPU.ActiveCfg = Debug|Any CPU
		{4D75A3DA-C693-491F-8654-041F4A768E8B}.DebugDemo|Any CPU.Build.0 = Debug|Any CPU
		{4D75A3DA-C693-491F-8654-041F4A768E8B}.DebugSqlExress|Any CPU.ActiveCfg = Debug|Any CPU
		{4D75A3DA-C693-491F-8654-041F4A768E8B}.DebugSqlExress|Any CPU.Build.0 = Debug|Any CPU
		{4D75A3DA-C693-491F-8654-041F4A768E8B}.Release|Any CPU.ActiveCfg = Release|Any CPU
		{4D75A3DA-C693-491F-8654-041F4A768E8B}.Release|Any CPU.Build.0 = Release|Any CPU
		{4D75A3DA-C693-491F-8654-041F4A768E8B}.ReleaseDBVault|Any CPU.ActiveCfg = Release|Any CPU
		{4D75A3DA-C693-491F-8654-041F4A768E8B}.ReleaseDBVault|Any CPU.Build.0 = Release|Any CPU
		{4D75A3DA-C693-491F-8654-041F4A768E8B}.ReleaseSQL-Vault|Any CPU.ActiveCfg = Release|Any CPU
		{4D75A3DA-C693-491F-8654-041F4A768E8B}.ReleaseSQL-Vault|Any CPU.Build.0 = Release|Any CPU
		{FE802D5C-69D5-4BE1-AB14-718654B9C686}.Debug|Any CPU.ActiveCfg = Debug|Any CPU
		{FE802D5C-69D5-4BE1-AB14-718654B9C686}.Debug|Any CPU.Build.0 = Debug|Any CPU
		{FE802D5C-69D5-4BE1-AB14-718654B9C686}.DebugDemo|Any CPU.ActiveCfg = Debug|Any CPU
		{FE802D5C-69D5-4BE1-AB14-718654B9C686}.DebugDemo|Any CPU.Build.0 = Debug|Any CPU
		{FE802D5C-69D5-4BE1-AB14-718654B9C686}.DebugSqlExress|Any CPU.ActiveCfg = Debug|Any CPU
		{FE802D5C-69D5-4BE1-AB14-718654B9C686}.DebugSqlExress|Any CPU.Build.0 = Debug|Any CPU
		{FE802D5C-69D5-4BE1-AB14-718654B9C686}.Release|Any CPU.ActiveCfg = Release|Any CPU
		{FE802D5C-69D5-4BE1-AB14-718654B9C686}.Release|Any CPU.Build.0 = Release|Any CPU
		{FE802D5C-69D5-4BE1-AB14-718654B9C686}.ReleaseDBVault|Any CPU.ActiveCfg = Release|Any CPU
		{FE802D5C-69D5-4BE1-AB14-718654B9C686}.ReleaseDBVault|Any CPU.Build.0 = Release|Any CPU
		{FE802D5C-69D5-4BE1-AB14-718654B9C686}.ReleaseSQL-Vault|Any CPU.ActiveCfg = Release|Any CPU
		{FE802D5C-69D5-4BE1-AB14-718654B9C686}.ReleaseSQL-Vault|Any CPU.Build.0 = Release|Any CPU
		{51BAAE80-CAA9-4756-8787-8FFD4936BC12}.Debug|Any CPU.ActiveCfg = Debug|Any CPU
		{51BAAE80-CAA9-4756-8787-8FFD4936BC12}.Debug|Any CPU.Build.0 = Debug|Any CPU
		{51BAAE80-CAA9-4756-8787-8FFD4936BC12}.DebugDemo|Any CPU.ActiveCfg = Debug|Any CPU
		{51BAAE80-CAA9-4756-8787-8FFD4936BC12}.DebugDemo|Any CPU.Build.0 = Debug|Any CPU
		{51BAAE80-CAA9-4756-8787-8FFD4936BC12}.DebugSqlExress|Any CPU.ActiveCfg = Debug|Any CPU
		{51BAAE80-CAA9-4756-8787-8FFD4936BC12}.DebugSqlExress|Any CPU.Build.0 = Debug|Any CPU
		{51BAAE80-CAA9-4756-8787-8FFD4936BC12}.Release|Any CPU.ActiveCfg = Release|Any CPU
		{51BAAE80-CAA9-4756-8787-8FFD4936BC12}.Release|Any CPU.Build.0 = Release|Any CPU
		{51BAAE80-CAA9-4756-8787-8FFD4936BC12}.ReleaseDBVault|Any CPU.ActiveCfg = Release|Any CPU
		{51BAAE80-CAA9-4756-8787-8FFD4936BC12}.ReleaseDBVault|Any CPU.Build.0 = Release|Any CPU
		{51BAAE80-CAA9-4756-8787-8FFD4936BC12}.ReleaseSQL-Vault|Any CPU.ActiveCfg = Release|Any CPU
		{51BAAE80-CAA9-4756-8787-8FFD4936BC12}.ReleaseSQL-Vault|Any CPU.Build.0 = Release|Any CPU
		{FC0F6BE2-8306-4BA1-A3F1-C79F9F40B1C0}.Debug|Any CPU.ActiveCfg = Debug|Any CPU
		{FC0F6BE2-8306-4BA1-A3F1-C79F9F40B1C0}.Debug|Any CPU.Build.0 = Debug|Any CPU
		{FC0F6BE2-8306-4BA1-A3F1-C79F9F40B1C0}.DebugDemo|Any CPU.ActiveCfg = Debug|Any CPU
		{FC0F6BE2-8306-4BA1-A3F1-C79F9F40B1C0}.DebugDemo|Any CPU.Build.0 = Debug|Any CPU
		{FC0F6BE2-8306-4BA1-A3F1-C79F9F40B1C0}.DebugSqlExress|Any CPU.ActiveCfg = Debug|Any CPU
		{FC0F6BE2-8306-4BA1-A3F1-C79F9F40B1C0}.DebugSqlExress|Any CPU.Build.0 = Debug|Any CPU
		{FC0F6BE2-8306-4BA1-A3F1-C79F9F40B1C0}.Release|Any CPU.ActiveCfg = Release|Any CPU
		{FC0F6BE2-8306-4BA1-A3F1-C79F9F40B1C0}.Release|Any CPU.Build.0 = Release|Any CPU
		{FC0F6BE2-8306-4BA1-A3F1-C79F9F40B1C0}.ReleaseDBVault|Any CPU.ActiveCfg = Release|Any CPU
		{FC0F6BE2-8306-4BA1-A3F1-C79F9F40B1C0}.ReleaseDBVault|Any CPU.Build.0 = Release|Any CPU
		{FC0F6BE2-8306-4BA1-A3F1-C79F9F40B1C0}.ReleaseSQL-Vault|Any CPU.ActiveCfg = Release|Any CPU
		{FC0F6BE2-8306-4BA1-A3F1-C79F9F40B1C0}.ReleaseSQL-Vault|Any CPU.Build.0 = Release|Any CPU
		{16DAC80B-CCAC-43A3-9DFF-54C3604D4983}.Debug|Any CPU.ActiveCfg = Debug|Any CPU
		{16DAC80B-CCAC-43A3-9DFF-54C3604D4983}.Debug|Any CPU.Build.0 = Debug|Any CPU
		{16DAC80B-CCAC-43A3-9DFF-54C3604D4983}.DebugDemo|Any CPU.ActiveCfg = Debug|Any CPU
		{16DAC80B-CCAC-43A3-9DFF-54C3604D4983}.DebugDemo|Any CPU.Build.0 = Debug|Any CPU
		{16DAC80B-CCAC-43A3-9DFF-54C3604D4983}.DebugSqlExress|Any CPU.ActiveCfg = Debug|Any CPU
		{16DAC80B-CCAC-43A3-9DFF-54C3604D4983}.DebugSqlExress|Any CPU.Build.0 = Debug|Any CPU
		{16DAC80B-CCAC-43A3-9DFF-54C3604D4983}.Release|Any CPU.ActiveCfg = Release|Any CPU
		{16DAC80B-CCAC-43A3-9DFF-54C3604D4983}.Release|Any CPU.Build.0 = Release|Any CPU
		{16DAC80B-CCAC-43A3-9DFF-54C3604D4983}.ReleaseDBVault|Any CPU.ActiveCfg = Release|Any CPU
		{16DAC80B-CCAC-43A3-9DFF-54C3604D4983}.ReleaseDBVault|Any CPU.Build.0 = Release|Any CPU
		{16DAC80B-CCAC-43A3-9DFF-54C3604D4983}.ReleaseSQL-Vault|Any CPU.ActiveCfg = Release|Any CPU
		{16DAC80B-CCAC-43A3-9DFF-54C3604D4983}.ReleaseSQL-Vault|Any CPU.Build.0 = Release|Any CPU
		{3E1CD924-F83E-419A-828E-1D9DC772E64C}.Debug|Any CPU.ActiveCfg = Debug|Any CPU
		{3E1CD924-F83E-419A-828E-1D9DC772E64C}.Debug|Any CPU.Build.0 = Debug|Any CPU
		{3E1CD924-F83E-419A-828E-1D9DC772E64C}.DebugDemo|Any CPU.ActiveCfg = Debug|Any CPU
		{3E1CD924-F83E-419A-828E-1D9DC772E64C}.DebugDemo|Any CPU.Build.0 = Debug|Any CPU
		{3E1CD924-F83E-419A-828E-1D9DC772E64C}.DebugSqlExress|Any CPU.ActiveCfg = Debug|Any CPU
		{3E1CD924-F83E-419A-828E-1D9DC772E64C}.DebugSqlExress|Any CPU.Build.0 = Debug|Any CPU
		{3E1CD924-F83E-419A-828E-1D9DC772E64C}.Release|Any CPU.ActiveCfg = Release|Any CPU
		{3E1CD924-F83E-419A-828E-1D9DC772E64C}.Release|Any CPU.Build.0 = Release|Any CPU
		{3E1CD924-F83E-419A-828E-1D9DC772E64C}.ReleaseDBVault|Any CPU.ActiveCfg = Release|Any CPU
		{3E1CD924-F83E-419A-828E-1D9DC772E64C}.ReleaseDBVault|Any CPU.Build.0 = Release|Any CPU
		{3E1CD924-F83E-419A-828E-1D9DC772E64C}.ReleaseSQL-Vault|Any CPU.ActiveCfg = Release|Any CPU
		{3E1CD924-F83E-419A-828E-1D9DC772E64C}.ReleaseSQL-Vault|Any CPU.Build.0 = Release|Any CPU
		{B7E78673-3D44-4503-9253-16FA013BD456}.Debug|Any CPU.ActiveCfg = Debug|Any CPU
		{B7E78673-3D44-4503-9253-16FA013BD456}.Debug|Any CPU.Build.0 = Debug|Any CPU
		{B7E78673-3D44-4503-9253-16FA013BD456}.DebugDemo|Any CPU.ActiveCfg = Debug|Any CPU
		{B7E78673-3D44-4503-9253-16FA013BD456}.DebugDemo|Any CPU.Build.0 = Debug|Any CPU
		{B7E78673-3D44-4503-9253-16FA013BD456}.DebugSqlExress|Any CPU.ActiveCfg = Debug|Any CPU
		{B7E78673-3D44-4503-9253-16FA013BD456}.DebugSqlExress|Any CPU.Build.0 = Debug|Any CPU
		{B7E78673-3D44-4503-9253-16FA013BD456}.Release|Any CPU.ActiveCfg = Release|Any CPU
		{B7E78673-3D44-4503-9253-16FA013BD456}.Release|Any CPU.Build.0 = Release|Any CPU
		{B7E78673-3D44-4503-9253-16FA013BD456}.ReleaseDBVault|Any CPU.ActiveCfg = Release|Any CPU
		{B7E78673-3D44-4503-9253-16FA013BD456}.ReleaseDBVault|Any CPU.Build.0 = Release|Any CPU
		{B7E78673-3D44-4503-9253-16FA013BD456}.ReleaseSQL-Vault|Any CPU.ActiveCfg = Release|Any CPU
		{B7E78673-3D44-4503-9253-16FA013BD456}.ReleaseSQL-Vault|Any CPU.Build.0 = Release|Any CPU
		{657D68F7-A674-4886-8DF6-C6AEA81B0AC4}.Debug|Any CPU.ActiveCfg = Debug|Any CPU
		{657D68F7-A674-4886-8DF6-C6AEA81B0AC4}.Debug|Any CPU.Build.0 = Debug|Any CPU
		{657D68F7-A674-4886-8DF6-C6AEA81B0AC4}.DebugDemo|Any CPU.ActiveCfg = Debug|Any CPU
		{657D68F7-A674-4886-8DF6-C6AEA81B0AC4}.DebugDemo|Any CPU.Build.0 = Debug|Any CPU
		{657D68F7-A674-4886-8DF6-C6AEA81B0AC4}.DebugSqlExress|Any CPU.ActiveCfg = Debug|Any CPU
		{657D68F7-A674-4886-8DF6-C6AEA81B0AC4}.DebugSqlExress|Any CPU.Build.0 = Debug|Any CPU
		{657D68F7-A674-4886-8DF6-C6AEA81B0AC4}.Release|Any CPU.ActiveCfg = Release|Any CPU
		{657D68F7-A674-4886-8DF6-C6AEA81B0AC4}.Release|Any CPU.Build.0 = Release|Any CPU
		{657D68F7-A674-4886-8DF6-C6AEA81B0AC4}.ReleaseDBVault|Any CPU.ActiveCfg = Release|Any CPU
		{657D68F7-A674-4886-8DF6-C6AEA81B0AC4}.ReleaseDBVault|Any CPU.Build.0 = Release|Any CPU
		{657D68F7-A674-4886-8DF6-C6AEA81B0AC4}.ReleaseSQL-Vault|Any CPU.ActiveCfg = Release|Any CPU
		{657D68F7-A674-4886-8DF6-C6AEA81B0AC4}.ReleaseSQL-Vault|Any CPU.Build.0 = Release|Any CPU
		{DBDCE9D5-C78A-4C35-B22D-FD21334C481D}.Debug|Any CPU.ActiveCfg = Debug|Any CPU
		{DBDCE9D5-C78A-4C35-B22D-FD21334C481D}.Debug|Any CPU.Build.0 = Debug|Any CPU
		{DBDCE9D5-C78A-4C35-B22D-FD21334C481D}.DebugDemo|Any CPU.ActiveCfg = Debug|Any CPU
		{DBDCE9D5-C78A-4C35-B22D-FD21334C481D}.DebugDemo|Any CPU.Build.0 = Debug|Any CPU
		{DBDCE9D5-C78A-4C35-B22D-FD21334C481D}.DebugSqlExress|Any CPU.ActiveCfg = Debug|Any CPU
		{DBDCE9D5-C78A-4C35-B22D-FD21334C481D}.DebugSqlExress|Any CPU.Build.0 = Debug|Any CPU
		{DBDCE9D5-C78A-4C35-B22D-FD21334C481D}.Release|Any CPU.ActiveCfg = Release|Any CPU
		{DBDCE9D5-C78A-4C35-B22D-FD21334C481D}.Release|Any CPU.Build.0 = Release|Any CPU
		{DBDCE9D5-C78A-4C35-B22D-FD21334C481D}.ReleaseDBVault|Any CPU.ActiveCfg = Release|Any CPU
		{DBDCE9D5-C78A-4C35-B22D-FD21334C481D}.ReleaseDBVault|Any CPU.Build.0 = Release|Any CPU
		{DBDCE9D5-C78A-4C35-B22D-FD21334C481D}.ReleaseSQL-Vault|Any CPU.ActiveCfg = Release|Any CPU
		{DBDCE9D5-C78A-4C35-B22D-FD21334C481D}.ReleaseSQL-Vault|Any CPU.Build.0 = Release|Any CPU
		{9C3AA9FD-5B9A-47D4-B8E3-3E4552B84745}.Debug|Any CPU.ActiveCfg = Debug|Any CPU
		{9C3AA9FD-5B9A-47D4-B8E3-3E4552B84745}.Debug|Any CPU.Build.0 = Debug|Any CPU
		{9C3AA9FD-5B9A-47D4-B8E3-3E4552B84745}.DebugDemo|Any CPU.ActiveCfg = Debug|Any CPU
		{9C3AA9FD-5B9A-47D4-B8E3-3E4552B84745}.DebugDemo|Any CPU.Build.0 = Debug|Any CPU
		{9C3AA9FD-5B9A-47D4-B8E3-3E4552B84745}.DebugSqlExress|Any CPU.ActiveCfg = Debug|Any CPU
		{9C3AA9FD-5B9A-47D4-B8E3-3E4552B84745}.DebugSqlExress|Any CPU.Build.0 = Debug|Any CPU
		{9C3AA9FD-5B9A-47D4-B8E3-3E4552B84745}.Release|Any CPU.ActiveCfg = Release|Any CPU
		{9C3AA9FD-5B9A-47D4-B8E3-3E4552B84745}.Release|Any CPU.Build.0 = Release|Any CPU
		{9C3AA9FD-5B9A-47D4-B8E3-3E4552B84745}.ReleaseDBVault|Any CPU.ActiveCfg = Release|Any CPU
		{9C3AA9FD-5B9A-47D4-B8E3-3E4552B84745}.ReleaseDBVault|Any CPU.Build.0 = Release|Any CPU
		{9C3AA9FD-5B9A-47D4-B8E3-3E4552B84745}.ReleaseSQL-Vault|Any CPU.ActiveCfg = Release|Any CPU
		{9C3AA9FD-5B9A-47D4-B8E3-3E4552B84745}.ReleaseSQL-Vault|Any CPU.Build.0 = Release|Any CPU
		{56DB5FE7-AFDD-4564-B8CE-CEC1D7203762}.Debug|Any CPU.ActiveCfg = Debug|Any CPU
		{56DB5FE7-AFDD-4564-B8CE-CEC1D7203762}.Debug|Any CPU.Build.0 = Debug|Any CPU
		{56DB5FE7-AFDD-4564-B8CE-CEC1D7203762}.DebugDemo|Any CPU.ActiveCfg = Debug|Any CPU
		{56DB5FE7-AFDD-4564-B8CE-CEC1D7203762}.DebugDemo|Any CPU.Build.0 = Debug|Any CPU
		{56DB5FE7-AFDD-4564-B8CE-CEC1D7203762}.DebugSqlExress|Any CPU.ActiveCfg = Debug|Any CPU
		{56DB5FE7-AFDD-4564-B8CE-CEC1D7203762}.DebugSqlExress|Any CPU.Build.0 = Debug|Any CPU
		{56DB5FE7-AFDD-4564-B8CE-CEC1D7203762}.Release|Any CPU.ActiveCfg = Release|Any CPU
		{56DB5FE7-AFDD-4564-B8CE-CEC1D7203762}.Release|Any CPU.Build.0 = Release|Any CPU
		{56DB5FE7-AFDD-4564-B8CE-CEC1D7203762}.ReleaseDBVault|Any CPU.ActiveCfg = Release|Any CPU
		{56DB5FE7-AFDD-4564-B8CE-CEC1D7203762}.ReleaseDBVault|Any CPU.Build.0 = Release|Any CPU
		{56DB5FE7-AFDD-4564-B8CE-CEC1D7203762}.ReleaseSQL-Vault|Any CPU.ActiveCfg = Release|Any CPU
		{56DB5FE7-AFDD-4564-B8CE-CEC1D7203762}.ReleaseSQL-Vault|Any CPU.Build.0 = Release|Any CPU
		{6839F2A0-D3FC-4FC9-8A75-389709586B4C}.Debug|Any CPU.ActiveCfg = Debug|Any CPU
		{6839F2A0-D3FC-4FC9-8A75-389709586B4C}.Debug|Any CPU.Build.0 = Debug|Any CPU
		{6839F2A0-D3FC-4FC9-8A75-389709586B4C}.DebugDemo|Any CPU.ActiveCfg = Debug|Any CPU
		{6839F2A0-D3FC-4FC9-8A75-389709586B4C}.DebugDemo|Any CPU.Build.0 = Debug|Any CPU
		{6839F2A0-D3FC-4FC9-8A75-389709586B4C}.DebugSqlExress|Any CPU.ActiveCfg = Debug|Any CPU
		{6839F2A0-D3FC-4FC9-8A75-389709586B4C}.DebugSqlExress|Any CPU.Build.0 = Debug|Any CPU
		{6839F2A0-D3FC-4FC9-8A75-389709586B4C}.Release|Any CPU.ActiveCfg = Release|Any CPU
		{6839F2A0-D3FC-4FC9-8A75-389709586B4C}.Release|Any CPU.Build.0 = Release|Any CPU
		{6839F2A0-D3FC-4FC9-8A75-389709586B4C}.ReleaseDBVault|Any CPU.ActiveCfg = Release|Any CPU
		{6839F2A0-D3FC-4FC9-8A75-389709586B4C}.ReleaseDBVault|Any CPU.Build.0 = Release|Any CPU
		{6839F2A0-D3FC-4FC9-8A75-389709586B4C}.ReleaseSQL-Vault|Any CPU.ActiveCfg = Release|Any CPU
		{6839F2A0-D3FC-4FC9-8A75-389709586B4C}.ReleaseSQL-Vault|Any CPU.Build.0 = Release|Any CPU
		{C9DC80F0-1108-4BBB-947D-9EA7823F129A}.Debug|Any CPU.ActiveCfg = Debug|Any CPU
		{C9DC80F0-1108-4BBB-947D-9EA7823F129A}.Debug|Any CPU.Build.0 = Debug|Any CPU
		{C9DC80F0-1108-4BBB-947D-9EA7823F129A}.DebugDemo|Any CPU.ActiveCfg = Debug|Any CPU
		{C9DC80F0-1108-4BBB-947D-9EA7823F129A}.DebugDemo|Any CPU.Build.0 = Debug|Any CPU
		{C9DC80F0-1108-4BBB-947D-9EA7823F129A}.DebugSqlExress|Any CPU.ActiveCfg = Debug|Any CPU
		{C9DC80F0-1108-4BBB-947D-9EA7823F129A}.DebugSqlExress|Any CPU.Build.0 = Debug|Any CPU
		{C9DC80F0-1108-4BBB-947D-9EA7823F129A}.Release|Any CPU.ActiveCfg = Release|Any CPU
		{C9DC80F0-1108-4BBB-947D-9EA7823F129A}.Release|Any CPU.Build.0 = Release|Any CPU
		{C9DC80F0-1108-4BBB-947D-9EA7823F129A}.ReleaseDBVault|Any CPU.ActiveCfg = Release|Any CPU
		{C9DC80F0-1108-4BBB-947D-9EA7823F129A}.ReleaseDBVault|Any CPU.Build.0 = Release|Any CPU
		{C9DC80F0-1108-4BBB-947D-9EA7823F129A}.ReleaseSQL-Vault|Any CPU.ActiveCfg = Release|Any CPU
		{C9DC80F0-1108-4BBB-947D-9EA7823F129A}.ReleaseSQL-Vault|Any CPU.Build.0 = Release|Any CPU
		{BD517582-EFBB-443F-AD3C-49DA785F780A}.Debug|Any CPU.ActiveCfg = Debug|Any CPU
		{BD517582-EFBB-443F-AD3C-49DA785F780A}.Debug|Any CPU.Build.0 = Debug|Any CPU
		{BD517582-EFBB-443F-AD3C-49DA785F780A}.DebugDemo|Any CPU.ActiveCfg = Debug|Any CPU
		{BD517582-EFBB-443F-AD3C-49DA785F780A}.DebugDemo|Any CPU.Build.0 = Debug|Any CPU
		{BD517582-EFBB-443F-AD3C-49DA785F780A}.DebugSqlExress|Any CPU.ActiveCfg = Debug|Any CPU
		{BD517582-EFBB-443F-AD3C-49DA785F780A}.DebugSqlExress|Any CPU.Build.0 = Debug|Any CPU
		{BD517582-EFBB-443F-AD3C-49DA785F780A}.Release|Any CPU.ActiveCfg = Release|Any CPU
		{BD517582-EFBB-443F-AD3C-49DA785F780A}.Release|Any CPU.Build.0 = Release|Any CPU
		{BD517582-EFBB-443F-AD3C-49DA785F780A}.ReleaseDBVault|Any CPU.ActiveCfg = Release|Any CPU
		{BD517582-EFBB-443F-AD3C-49DA785F780A}.ReleaseDBVault|Any CPU.Build.0 = Release|Any CPU
		{BD517582-EFBB-443F-AD3C-49DA785F780A}.ReleaseSQL-Vault|Any CPU.ActiveCfg = Release|Any CPU
		{BD517582-EFBB-443F-AD3C-49DA785F780A}.ReleaseSQL-Vault|Any CPU.Build.0 = Release|Any CPU
		{46A762D4-8631-4757-8121-D4D2A5B357BB}.Debug|Any CPU.ActiveCfg = Debug|Any CPU
		{46A762D4-8631-4757-8121-D4D2A5B357BB}.Debug|Any CPU.Build.0 = Debug|Any CPU
		{46A762D4-8631-4757-8121-D4D2A5B357BB}.DebugDemo|Any CPU.ActiveCfg = Debug|Any CPU
		{46A762D4-8631-4757-8121-D4D2A5B357BB}.DebugDemo|Any CPU.Build.0 = Debug|Any CPU
		{46A762D4-8631-4757-8121-D4D2A5B357BB}.DebugSqlExress|Any CPU.ActiveCfg = Debug|Any CPU
		{46A762D4-8631-4757-8121-D4D2A5B357BB}.DebugSqlExress|Any CPU.Build.0 = Debug|Any CPU
		{46A762D4-8631-4757-8121-D4D2A5B357BB}.Release|Any CPU.ActiveCfg = Release|Any CPU
		{46A762D4-8631-4757-8121-D4D2A5B357BB}.Release|Any CPU.Build.0 = Release|Any CPU
		{46A762D4-8631-4757-8121-D4D2A5B357BB}.ReleaseDBVault|Any CPU.ActiveCfg = Release|Any CPU
		{46A762D4-8631-4757-8121-D4D2A5B357BB}.ReleaseDBVault|Any CPU.Build.0 = Release|Any CPU
		{46A762D4-8631-4757-8121-D4D2A5B357BB}.ReleaseSQL-Vault|Any CPU.ActiveCfg = Release|Any CPU
		{46A762D4-8631-4757-8121-D4D2A5B357BB}.ReleaseSQL-Vault|Any CPU.Build.0 = Release|Any CPU
		{63ACD34E-4F73-458E-91D5-1079E101F45C}.Debug|Any CPU.ActiveCfg = Debug|Any CPU
		{63ACD34E-4F73-458E-91D5-1079E101F45C}.Debug|Any CPU.Build.0 = Debug|Any CPU
		{63ACD34E-4F73-458E-91D5-1079E101F45C}.DebugDemo|Any CPU.ActiveCfg = Debug|Any CPU
		{63ACD34E-4F73-458E-91D5-1079E101F45C}.DebugDemo|Any CPU.Build.0 = Debug|Any CPU
		{63ACD34E-4F73-458E-91D5-1079E101F45C}.DebugSqlExress|Any CPU.ActiveCfg = Debug|Any CPU
		{63ACD34E-4F73-458E-91D5-1079E101F45C}.DebugSqlExress|Any CPU.Build.0 = Debug|Any CPU
		{63ACD34E-4F73-458E-91D5-1079E101F45C}.Release|Any CPU.ActiveCfg = Release|Any CPU
		{63ACD34E-4F73-458E-91D5-1079E101F45C}.Release|Any CPU.Build.0 = Release|Any CPU
		{63ACD34E-4F73-458E-91D5-1079E101F45C}.ReleaseDBVault|Any CPU.ActiveCfg = Release|Any CPU
		{63ACD34E-4F73-458E-91D5-1079E101F45C}.ReleaseDBVault|Any CPU.Build.0 = Release|Any CPU
		{63ACD34E-4F73-458E-91D5-1079E101F45C}.ReleaseSQL-Vault|Any CPU.ActiveCfg = Release|Any CPU
		{63ACD34E-4F73-458E-91D5-1079E101F45C}.ReleaseSQL-Vault|Any CPU.Build.0 = Release|Any CPU
		{CF2E02C5-C751-4645-86E5-15D3D83FF3F3}.Debug|Any CPU.ActiveCfg = Debug|Any CPU
		{CF2E02C5-C751-4645-86E5-15D3D83FF3F3}.Debug|Any CPU.Build.0 = Debug|Any CPU
		{CF2E02C5-C751-4645-86E5-15D3D83FF3F3}.DebugDemo|Any CPU.ActiveCfg = Debug|Any CPU
		{CF2E02C5-C751-4645-86E5-15D3D83FF3F3}.DebugDemo|Any CPU.Build.0 = Debug|Any CPU
		{CF2E02C5-C751-4645-86E5-15D3D83FF3F3}.DebugSqlExress|Any CPU.ActiveCfg = Debug|Any CPU
		{CF2E02C5-C751-4645-86E5-15D3D83FF3F3}.DebugSqlExress|Any CPU.Build.0 = Debug|Any CPU
		{CF2E02C5-C751-4645-86E5-15D3D83FF3F3}.Release|Any CPU.ActiveCfg = Release|Any CPU
		{CF2E02C5-C751-4645-86E5-15D3D83FF3F3}.Release|Any CPU.Build.0 = Release|Any CPU
		{CF2E02C5-C751-4645-86E5-15D3D83FF3F3}.ReleaseDBVault|Any CPU.ActiveCfg = Release|Any CPU
		{CF2E02C5-C751-4645-86E5-15D3D83FF3F3}.ReleaseDBVault|Any CPU.Build.0 = Release|Any CPU
		{CF2E02C5-C751-4645-86E5-15D3D83FF3F3}.ReleaseSQL-Vault|Any CPU.ActiveCfg = Release|Any CPU
		{CF2E02C5-C751-4645-86E5-15D3D83FF3F3}.ReleaseSQL-Vault|Any CPU.Build.0 = Release|Any CPU
		{A5E51F65-A7AD-4386-B02C-C03070FDA69D}.Debug|Any CPU.ActiveCfg = Debug|Any CPU
		{A5E51F65-A7AD-4386-B02C-C03070FDA69D}.Debug|Any CPU.Build.0 = Debug|Any CPU
		{A5E51F65-A7AD-4386-B02C-C03070FDA69D}.DebugDemo|Any CPU.ActiveCfg = Debug|Any CPU
		{A5E51F65-A7AD-4386-B02C-C03070FDA69D}.DebugDemo|Any CPU.Build.0 = Debug|Any CPU
		{A5E51F65-A7AD-4386-B02C-C03070FDA69D}.DebugSqlExress|Any CPU.ActiveCfg = Debug|Any CPU
		{A5E51F65-A7AD-4386-B02C-C03070FDA69D}.DebugSqlExress|Any CPU.Build.0 = Debug|Any CPU
		{A5E51F65-A7AD-4386-B02C-C03070FDA69D}.Release|Any CPU.ActiveCfg = Release|Any CPU
		{A5E51F65-A7AD-4386-B02C-C03070FDA69D}.Release|Any CPU.Build.0 = Release|Any CPU
		{A5E51F65-A7AD-4386-B02C-C03070FDA69D}.ReleaseDBVault|Any CPU.ActiveCfg = Release|Any CPU
		{A5E51F65-A7AD-4386-B02C-C03070FDA69D}.ReleaseDBVault|Any CPU.Build.0 = Release|Any CPU
		{A5E51F65-A7AD-4386-B02C-C03070FDA69D}.ReleaseSQL-Vault|Any CPU.ActiveCfg = Release|Any CPU
		{A5E51F65-A7AD-4386-B02C-C03070FDA69D}.ReleaseSQL-Vault|Any CPU.Build.0 = Release|Any CPU
		{2D57160A-F278-4E1B-AF03-9644B02935E9}.Debug|Any CPU.ActiveCfg = Debug|Any CPU
		{2D57160A-F278-4E1B-AF03-9644B02935E9}.Debug|Any CPU.Build.0 = Debug|Any CPU
		{2D57160A-F278-4E1B-AF03-9644B02935E9}.DebugDemo|Any CPU.ActiveCfg = Debug|Any CPU
		{2D57160A-F278-4E1B-AF03-9644B02935E9}.DebugDemo|Any CPU.Build.0 = Debug|Any CPU
		{2D57160A-F278-4E1B-AF03-9644B02935E9}.DebugSqlExress|Any CPU.ActiveCfg = Debug|Any CPU
		{2D57160A-F278-4E1B-AF03-9644B02935E9}.DebugSqlExress|Any CPU.Build.0 = Debug|Any CPU
		{2D57160A-F278-4E1B-AF03-9644B02935E9}.Release|Any CPU.ActiveCfg = Release|Any CPU
		{2D57160A-F278-4E1B-AF03-9644B02935E9}.Release|Any CPU.Build.0 = Release|Any CPU
		{2D57160A-F278-4E1B-AF03-9644B02935E9}.ReleaseDBVault|Any CPU.ActiveCfg = Release|Any CPU
		{2D57160A-F278-4E1B-AF03-9644B02935E9}.ReleaseDBVault|Any CPU.Build.0 = Release|Any CPU
		{2D57160A-F278-4E1B-AF03-9644B02935E9}.ReleaseSQL-Vault|Any CPU.ActiveCfg = Release|Any CPU
		{2D57160A-F278-4E1B-AF03-9644B02935E9}.ReleaseSQL-Vault|Any CPU.Build.0 = Release|Any CPU
		{C03260C6-F98E-4E3A-A0FF-7A184EA74AF5}.Debug|Any CPU.ActiveCfg = Debug|Any CPU
		{C03260C6-F98E-4E3A-A0FF-7A184EA74AF5}.Debug|Any CPU.Build.0 = Debug|Any CPU
		{C03260C6-F98E-4E3A-A0FF-7A184EA74AF5}.DebugDemo|Any CPU.ActiveCfg = Debug|Any CPU
		{C03260C6-F98E-4E3A-A0FF-7A184EA74AF5}.DebugDemo|Any CPU.Build.0 = Debug|Any CPU
		{C03260C6-F98E-4E3A-A0FF-7A184EA74AF5}.DebugSqlExress|Any CPU.ActiveCfg = Debug|Any CPU
		{C03260C6-F98E-4E3A-A0FF-7A184EA74AF5}.DebugSqlExress|Any CPU.Build.0 = Debug|Any CPU
		{C03260C6-F98E-4E3A-A0FF-7A184EA74AF5}.Release|Any CPU.ActiveCfg = Release|Any CPU
		{C03260C6-F98E-4E3A-A0FF-7A184EA74AF5}.Release|Any CPU.Build.0 = Release|Any CPU
		{C03260C6-F98E-4E3A-A0FF-7A184EA74AF5}.ReleaseDBVault|Any CPU.ActiveCfg = Release|Any CPU
		{C03260C6-F98E-4E3A-A0FF-7A184EA74AF5}.ReleaseDBVault|Any CPU.Build.0 = Release|Any CPU
		{C03260C6-F98E-4E3A-A0FF-7A184EA74AF5}.ReleaseSQL-Vault|Any CPU.ActiveCfg = Release|Any CPU
		{C03260C6-F98E-4E3A-A0FF-7A184EA74AF5}.ReleaseSQL-Vault|Any CPU.Build.0 = Release|Any CPU
		{770E0E2B-3C06-4DF2-8EB8-54F0B1774090}.Debug|Any CPU.ActiveCfg = Debug|Any CPU
		{770E0E2B-3C06-4DF2-8EB8-54F0B1774090}.Debug|Any CPU.Build.0 = Debug|Any CPU
		{770E0E2B-3C06-4DF2-8EB8-54F0B1774090}.DebugDemo|Any CPU.ActiveCfg = Debug|Any CPU
		{770E0E2B-3C06-4DF2-8EB8-54F0B1774090}.DebugDemo|Any CPU.Build.0 = Debug|Any CPU
		{770E0E2B-3C06-4DF2-8EB8-54F0B1774090}.DebugSqlExress|Any CPU.ActiveCfg = Debug|Any CPU
		{770E0E2B-3C06-4DF2-8EB8-54F0B1774090}.DebugSqlExress|Any CPU.Build.0 = Debug|Any CPU
		{770E0E2B-3C06-4DF2-8EB8-54F0B1774090}.Release|Any CPU.ActiveCfg = Release|Any CPU
		{770E0E2B-3C06-4DF2-8EB8-54F0B1774090}.Release|Any CPU.Build.0 = Release|Any CPU
		{770E0E2B-3C06-4DF2-8EB8-54F0B1774090}.ReleaseDBVault|Any CPU.ActiveCfg = Release|Any CPU
		{770E0E2B-3C06-4DF2-8EB8-54F0B1774090}.ReleaseDBVault|Any CPU.Build.0 = Release|Any CPU
		{770E0E2B-3C06-4DF2-8EB8-54F0B1774090}.ReleaseSQL-Vault|Any CPU.ActiveCfg = Release|Any CPU
		{770E0E2B-3C06-4DF2-8EB8-54F0B1774090}.ReleaseSQL-Vault|Any CPU.Build.0 = Release|Any CPU
		{030A76F5-561B-4B33-9931-A5DC798042FE}.Debug|Any CPU.ActiveCfg = Debug|Any CPU
		{030A76F5-561B-4B33-9931-A5DC798042FE}.Debug|Any CPU.Build.0 = Debug|Any CPU
		{030A76F5-561B-4B33-9931-A5DC798042FE}.DebugDemo|Any CPU.ActiveCfg = Debug|Any CPU
		{030A76F5-561B-4B33-9931-A5DC798042FE}.DebugDemo|Any CPU.Build.0 = Debug|Any CPU
		{030A76F5-561B-4B33-9931-A5DC798042FE}.DebugSqlExress|Any CPU.ActiveCfg = Debug|Any CPU
		{030A76F5-561B-4B33-9931-A5DC798042FE}.DebugSqlExress|Any CPU.Build.0 = Debug|Any CPU
		{030A76F5-561B-4B33-9931-A5DC798042FE}.Release|Any CPU.ActiveCfg = Release|Any CPU
		{030A76F5-561B-4B33-9931-A5DC798042FE}.Release|Any CPU.Build.0 = Release|Any CPU
		{030A76F5-561B-4B33-9931-A5DC798042FE}.ReleaseDBVault|Any CPU.ActiveCfg = Release|Any CPU
		{030A76F5-561B-4B33-9931-A5DC798042FE}.ReleaseDBVault|Any CPU.Build.0 = Release|Any CPU
		{030A76F5-561B-4B33-9931-A5DC798042FE}.ReleaseSQL-Vault|Any CPU.ActiveCfg = Release|Any CPU
		{030A76F5-561B-4B33-9931-A5DC798042FE}.ReleaseSQL-Vault|Any CPU.Build.0 = Release|Any CPU
		{537D71AA-B881-4F39-9F84-DF3A77B0E40D}.Debug|Any CPU.ActiveCfg = Debug|Any CPU
		{537D71AA-B881-4F39-9F84-DF3A77B0E40D}.Debug|Any CPU.Build.0 = Debug|Any CPU
		{537D71AA-B881-4F39-9F84-DF3A77B0E40D}.DebugDemo|Any CPU.ActiveCfg = Debug|Any CPU
		{537D71AA-B881-4F39-9F84-DF3A77B0E40D}.DebugDemo|Any CPU.Build.0 = Debug|Any CPU
		{537D71AA-B881-4F39-9F84-DF3A77B0E40D}.DebugSqlExress|Any CPU.ActiveCfg = Debug|Any CPU
		{537D71AA-B881-4F39-9F84-DF3A77B0E40D}.DebugSqlExress|Any CPU.Build.0 = Debug|Any CPU
		{537D71AA-B881-4F39-9F84-DF3A77B0E40D}.Release|Any CPU.ActiveCfg = Release|Any CPU
		{537D71AA-B881-4F39-9F84-DF3A77B0E40D}.Release|Any CPU.Build.0 = Release|Any CPU
		{537D71AA-B881-4F39-9F84-DF3A77B0E40D}.ReleaseDBVault|Any CPU.ActiveCfg = Release|Any CPU
		{537D71AA-B881-4F39-9F84-DF3A77B0E40D}.ReleaseDBVault|Any CPU.Build.0 = Release|Any CPU
		{537D71AA-B881-4F39-9F84-DF3A77B0E40D}.ReleaseSQL-Vault|Any CPU.ActiveCfg = Release|Any CPU
		{537D71AA-B881-4F39-9F84-DF3A77B0E40D}.ReleaseSQL-Vault|Any CPU.Build.0 = Release|Any CPU
		{0C93209C-0113-432C-9D1F-DF223AF9C2D4}.Debug|Any CPU.ActiveCfg = Debug|Any CPU
		{0C93209C-0113-432C-9D1F-DF223AF9C2D4}.Debug|Any CPU.Build.0 = Debug|Any CPU
		{0C93209C-0113-432C-9D1F-DF223AF9C2D4}.DebugDemo|Any CPU.ActiveCfg = Debug|Any CPU
		{0C93209C-0113-432C-9D1F-DF223AF9C2D4}.DebugDemo|Any CPU.Build.0 = Debug|Any CPU
		{0C93209C-0113-432C-9D1F-DF223AF9C2D4}.DebugSqlExress|Any CPU.ActiveCfg = Debug|Any CPU
		{0C93209C-0113-432C-9D1F-DF223AF9C2D4}.DebugSqlExress|Any CPU.Build.0 = Debug|Any CPU
		{0C93209C-0113-432C-9D1F-DF223AF9C2D4}.Release|Any CPU.ActiveCfg = Release|Any CPU
		{0C93209C-0113-432C-9D1F-DF223AF9C2D4}.Release|Any CPU.Build.0 = Release|Any CPU
		{0C93209C-0113-432C-9D1F-DF223AF9C2D4}.ReleaseDBVault|Any CPU.ActiveCfg = Release|Any CPU
		{0C93209C-0113-432C-9D1F-DF223AF9C2D4}.ReleaseDBVault|Any CPU.Build.0 = Release|Any CPU
		{0C93209C-0113-432C-9D1F-DF223AF9C2D4}.ReleaseSQL-Vault|Any CPU.ActiveCfg = Release|Any CPU
		{0C93209C-0113-432C-9D1F-DF223AF9C2D4}.ReleaseSQL-Vault|Any CPU.Build.0 = Release|Any CPU
		{DB61B3F5-6659-4047-A5D3-5A3D4636614B}.Debug|Any CPU.ActiveCfg = Debug|Any CPU
		{DB61B3F5-6659-4047-A5D3-5A3D4636614B}.Debug|Any CPU.Build.0 = Debug|Any CPU
		{DB61B3F5-6659-4047-A5D3-5A3D4636614B}.DebugDemo|Any CPU.ActiveCfg = Debug|Any CPU
		{DB61B3F5-6659-4047-A5D3-5A3D4636614B}.DebugDemo|Any CPU.Build.0 = Debug|Any CPU
		{DB61B3F5-6659-4047-A5D3-5A3D4636614B}.DebugSqlExress|Any CPU.ActiveCfg = Debug|Any CPU
		{DB61B3F5-6659-4047-A5D3-5A3D4636614B}.DebugSqlExress|Any CPU.Build.0 = Debug|Any CPU
		{DB61B3F5-6659-4047-A5D3-5A3D4636614B}.Release|Any CPU.ActiveCfg = Release|Any CPU
		{DB61B3F5-6659-4047-A5D3-5A3D4636614B}.Release|Any CPU.Build.0 = Release|Any CPU
		{DB61B3F5-6659-4047-A5D3-5A3D4636614B}.ReleaseDBVault|Any CPU.ActiveCfg = Release|Any CPU
		{DB61B3F5-6659-4047-A5D3-5A3D4636614B}.ReleaseDBVault|Any CPU.Build.0 = Release|Any CPU
		{DB61B3F5-6659-4047-A5D3-5A3D4636614B}.ReleaseSQL-Vault|Any CPU.ActiveCfg = Release|Any CPU
		{DB61B3F5-6659-4047-A5D3-5A3D4636614B}.ReleaseSQL-Vault|Any CPU.Build.0 = Release|Any CPU
		{8A3919BA-172A-4746-BE55-C41820F5DF8C}.Debug|Any CPU.ActiveCfg = Debug|Any CPU
		{8A3919BA-172A-4746-BE55-C41820F5DF8C}.Debug|Any CPU.Build.0 = Debug|Any CPU
		{8A3919BA-172A-4746-BE55-C41820F5DF8C}.DebugDemo|Any CPU.ActiveCfg = Debug|Any CPU
		{8A3919BA-172A-4746-BE55-C41820F5DF8C}.DebugDemo|Any CPU.Build.0 = Debug|Any CPU
		{8A3919BA-172A-4746-BE55-C41820F5DF8C}.DebugSqlExress|Any CPU.ActiveCfg = Debug|Any CPU
		{8A3919BA-172A-4746-BE55-C41820F5DF8C}.DebugSqlExress|Any CPU.Build.0 = Debug|Any CPU
		{8A3919BA-172A-4746-BE55-C41820F5DF8C}.Release|Any CPU.ActiveCfg = Release|Any CPU
		{8A3919BA-172A-4746-BE55-C41820F5DF8C}.Release|Any CPU.Build.0 = Release|Any CPU
		{8A3919BA-172A-4746-BE55-C41820F5DF8C}.ReleaseDBVault|Any CPU.ActiveCfg = Release|Any CPU
		{8A3919BA-172A-4746-BE55-C41820F5DF8C}.ReleaseDBVault|Any CPU.Build.0 = Release|Any CPU
		{8A3919BA-172A-4746-BE55-C41820F5DF8C}.ReleaseSQL-Vault|Any CPU.ActiveCfg = Release|Any CPU
		{8A3919BA-172A-4746-BE55-C41820F5DF8C}.ReleaseSQL-Vault|Any CPU.Build.0 = Release|Any CPU
		{8074BAC8-F7C6-469D-8CB7-75B1ED825783}.Debug|Any CPU.ActiveCfg = Debug|Any CPU
		{8074BAC8-F7C6-469D-8CB7-75B1ED825783}.Debug|Any CPU.Build.0 = Debug|Any CPU
		{8074BAC8-F7C6-469D-8CB7-75B1ED825783}.DebugDemo|Any CPU.ActiveCfg = Debug|Any CPU
		{8074BAC8-F7C6-469D-8CB7-75B1ED825783}.DebugDemo|Any CPU.Build.0 = Debug|Any CPU
		{8074BAC8-F7C6-469D-8CB7-75B1ED825783}.DebugSqlExress|Any CPU.ActiveCfg = Debug|Any CPU
		{8074BAC8-F7C6-469D-8CB7-75B1ED825783}.DebugSqlExress|Any CPU.Build.0 = Debug|Any CPU
		{8074BAC8-F7C6-469D-8CB7-75B1ED825783}.Release|Any CPU.ActiveCfg = Release|Any CPU
		{8074BAC8-F7C6-469D-8CB7-75B1ED825783}.Release|Any CPU.Build.0 = Release|Any CPU
		{8074BAC8-F7C6-469D-8CB7-75B1ED825783}.ReleaseDBVault|Any CPU.ActiveCfg = Release|Any CPU
		{8074BAC8-F7C6-469D-8CB7-75B1ED825783}.ReleaseDBVault|Any CPU.Build.0 = Release|Any CPU
		{8074BAC8-F7C6-469D-8CB7-75B1ED825783}.ReleaseSQL-Vault|Any CPU.ActiveCfg = Release|Any CPU
		{8074BAC8-F7C6-469D-8CB7-75B1ED825783}.ReleaseSQL-Vault|Any CPU.Build.0 = Release|Any CPU
		{AC03ADB1-78BA-4B84-9E49-6ACEEEB13FE6}.Debug|Any CPU.ActiveCfg = Debug|Any CPU
		{AC03ADB1-78BA-4B84-9E49-6ACEEEB13FE6}.Debug|Any CPU.Build.0 = Debug|Any CPU
		{AC03ADB1-78BA-4B84-9E49-6ACEEEB13FE6}.DebugDemo|Any CPU.ActiveCfg = Debug|Any CPU
		{AC03ADB1-78BA-4B84-9E49-6ACEEEB13FE6}.DebugDemo|Any CPU.Build.0 = Debug|Any CPU
		{AC03ADB1-78BA-4B84-9E49-6ACEEEB13FE6}.DebugSqlExress|Any CPU.ActiveCfg = Debug|Any CPU
		{AC03ADB1-78BA-4B84-9E49-6ACEEEB13FE6}.DebugSqlExress|Any CPU.Build.0 = Debug|Any CPU
		{AC03ADB1-78BA-4B84-9E49-6ACEEEB13FE6}.Release|Any CPU.ActiveCfg = Release|Any CPU
		{AC03ADB1-78BA-4B84-9E49-6ACEEEB13FE6}.Release|Any CPU.Build.0 = Release|Any CPU
		{AC03ADB1-78BA-4B84-9E49-6ACEEEB13FE6}.ReleaseDBVault|Any CPU.ActiveCfg = Release|Any CPU
		{AC03ADB1-78BA-4B84-9E49-6ACEEEB13FE6}.ReleaseDBVault|Any CPU.Build.0 = Release|Any CPU
		{AC03ADB1-78BA-4B84-9E49-6ACEEEB13FE6}.ReleaseSQL-Vault|Any CPU.ActiveCfg = Release|Any CPU
		{AC03ADB1-78BA-4B84-9E49-6ACEEEB13FE6}.ReleaseSQL-Vault|Any CPU.Build.0 = Release|Any CPU
		{FABF4906-188F-4228-B5C2-57665586E507}.Debug|Any CPU.ActiveCfg = Debug|Any CPU
		{FABF4906-188F-4228-B5C2-57665586E507}.Debug|Any CPU.Build.0 = Debug|Any CPU
		{FABF4906-188F-4228-B5C2-57665586E507}.DebugDemo|Any CPU.ActiveCfg = Debug|Any CPU
		{FABF4906-188F-4228-B5C2-57665586E507}.DebugDemo|Any CPU.Build.0 = Debug|Any CPU
		{FABF4906-188F-4228-B5C2-57665586E507}.DebugSqlExress|Any CPU.ActiveCfg = Debug|Any CPU
		{FABF4906-188F-4228-B5C2-57665586E507}.DebugSqlExress|Any CPU.Build.0 = Debug|Any CPU
		{FABF4906-188F-4228-B5C2-57665586E507}.Release|Any CPU.ActiveCfg = Release|Any CPU
		{FABF4906-188F-4228-B5C2-57665586E507}.Release|Any CPU.Build.0 = Release|Any CPU
		{FABF4906-188F-4228-B5C2-57665586E507}.ReleaseDBVault|Any CPU.ActiveCfg = Release|Any CPU
		{FABF4906-188F-4228-B5C2-57665586E507}.ReleaseDBVault|Any CPU.Build.0 = Release|Any CPU
		{FABF4906-188F-4228-B5C2-57665586E507}.ReleaseSQL-Vault|Any CPU.ActiveCfg = Release|Any CPU
		{FABF4906-188F-4228-B5C2-57665586E507}.ReleaseSQL-Vault|Any CPU.Build.0 = Release|Any CPU
		{2C4D43CF-5B38-4163-AC37-D33DE07494F2}.Debug|Any CPU.ActiveCfg = Debug|Any CPU
		{2C4D43CF-5B38-4163-AC37-D33DE07494F2}.Debug|Any CPU.Build.0 = Debug|Any CPU
		{2C4D43CF-5B38-4163-AC37-D33DE07494F2}.DebugDemo|Any CPU.ActiveCfg = Debug|Any CPU
		{2C4D43CF-5B38-4163-AC37-D33DE07494F2}.DebugDemo|Any CPU.Build.0 = Debug|Any CPU
		{2C4D43CF-5B38-4163-AC37-D33DE07494F2}.DebugSqlExress|Any CPU.ActiveCfg = Debug|Any CPU
		{2C4D43CF-5B38-4163-AC37-D33DE07494F2}.DebugSqlExress|Any CPU.Build.0 = Debug|Any CPU
		{2C4D43CF-5B38-4163-AC37-D33DE07494F2}.Release|Any CPU.ActiveCfg = Release|Any CPU
		{2C4D43CF-5B38-4163-AC37-D33DE07494F2}.Release|Any CPU.Build.0 = Release|Any CPU
		{2C4D43CF-5B38-4163-AC37-D33DE07494F2}.ReleaseDBVault|Any CPU.ActiveCfg = Release|Any CPU
		{2C4D43CF-5B38-4163-AC37-D33DE07494F2}.ReleaseDBVault|Any CPU.Build.0 = Release|Any CPU
		{2C4D43CF-5B38-4163-AC37-D33DE07494F2}.ReleaseSQL-Vault|Any CPU.ActiveCfg = Release|Any CPU
		{2C4D43CF-5B38-4163-AC37-D33DE07494F2}.ReleaseSQL-Vault|Any CPU.Build.0 = Release|Any CPU
		{7EFCD669-EA3A-43A2-B676-91279BF62116}.Debug|Any CPU.ActiveCfg = Debug|Any CPU
		{7EFCD669-EA3A-43A2-B676-91279BF62116}.Debug|Any CPU.Build.0 = Debug|Any CPU
		{7EFCD669-EA3A-43A2-B676-91279BF62116}.DebugDemo|Any CPU.ActiveCfg = Debug|Any CPU
		{7EFCD669-EA3A-43A2-B676-91279BF62116}.DebugDemo|Any CPU.Build.0 = Debug|Any CPU
		{7EFCD669-EA3A-43A2-B676-91279BF62116}.DebugSqlExress|Any CPU.ActiveCfg = Debug|Any CPU
		{7EFCD669-EA3A-43A2-B676-91279BF62116}.DebugSqlExress|Any CPU.Build.0 = Debug|Any CPU
		{7EFCD669-EA3A-43A2-B676-91279BF62116}.Release|Any CPU.ActiveCfg = Release|Any CPU
		{7EFCD669-EA3A-43A2-B676-91279BF62116}.Release|Any CPU.Build.0 = Release|Any CPU
		{7EFCD669-EA3A-43A2-B676-91279BF62116}.ReleaseDBVault|Any CPU.ActiveCfg = Release|Any CPU
		{7EFCD669-EA3A-43A2-B676-91279BF62116}.ReleaseDBVault|Any CPU.Build.0 = Release|Any CPU
		{7EFCD669-EA3A-43A2-B676-91279BF62116}.ReleaseSQL-Vault|Any CPU.ActiveCfg = Release|Any CPU
		{7EFCD669-EA3A-43A2-B676-91279BF62116}.ReleaseSQL-Vault|Any CPU.Build.0 = Release|Any CPU
		{57F3BAEC-4741-400C-BC24-479A6CE0A3F1}.Debug|Any CPU.ActiveCfg = Debug|Any CPU
		{57F3BAEC-4741-400C-BC24-479A6CE0A3F1}.Debug|Any CPU.Build.0 = Debug|Any CPU
		{57F3BAEC-4741-400C-BC24-479A6CE0A3F1}.DebugDemo|Any CPU.ActiveCfg = Debug|Any CPU
		{57F3BAEC-4741-400C-BC24-479A6CE0A3F1}.DebugDemo|Any CPU.Build.0 = Debug|Any CPU
		{57F3BAEC-4741-400C-BC24-479A6CE0A3F1}.DebugSqlExress|Any CPU.ActiveCfg = Debug|Any CPU
		{57F3BAEC-4741-400C-BC24-479A6CE0A3F1}.DebugSqlExress|Any CPU.Build.0 = Debug|Any CPU
		{57F3BAEC-4741-400C-BC24-479A6CE0A3F1}.Release|Any CPU.ActiveCfg = Release|Any CPU
		{57F3BAEC-4741-400C-BC24-479A6CE0A3F1}.Release|Any CPU.Build.0 = Release|Any CPU
		{57F3BAEC-4741-400C-BC24-479A6CE0A3F1}.ReleaseDBVault|Any CPU.ActiveCfg = Release|Any CPU
		{57F3BAEC-4741-400C-BC24-479A6CE0A3F1}.ReleaseDBVault|Any CPU.Build.0 = Release|Any CPU
		{57F3BAEC-4741-400C-BC24-479A6CE0A3F1}.ReleaseSQL-Vault|Any CPU.ActiveCfg = Release|Any CPU
		{57F3BAEC-4741-400C-BC24-479A6CE0A3F1}.ReleaseSQL-Vault|Any CPU.Build.0 = Release|Any CPU
		{D87B981E-3056-42E1-99E3-7B55DB3077C1}.Debug|Any CPU.ActiveCfg = Debug|Any CPU
		{D87B981E-3056-42E1-99E3-7B55DB3077C1}.Debug|Any CPU.Build.0 = Debug|Any CPU
		{D87B981E-3056-42E1-99E3-7B55DB3077C1}.DebugDemo|Any CPU.ActiveCfg = Debug|Any CPU
		{D87B981E-3056-42E1-99E3-7B55DB3077C1}.DebugDemo|Any CPU.Build.0 = Debug|Any CPU
		{D87B981E-3056-42E1-99E3-7B55DB3077C1}.DebugSqlExress|Any CPU.ActiveCfg = Debug|Any CPU
		{D87B981E-3056-42E1-99E3-7B55DB3077C1}.DebugSqlExress|Any CPU.Build.0 = Debug|Any CPU
		{D87B981E-3056-42E1-99E3-7B55DB3077C1}.Release|Any CPU.ActiveCfg = Release|Any CPU
		{D87B981E-3056-42E1-99E3-7B55DB3077C1}.Release|Any CPU.Build.0 = Release|Any CPU
		{D87B981E-3056-42E1-99E3-7B55DB3077C1}.ReleaseDBVault|Any CPU.ActiveCfg = Release|Any CPU
		{D87B981E-3056-42E1-99E3-7B55DB3077C1}.ReleaseDBVault|Any CPU.Build.0 = Release|Any CPU
		{D87B981E-3056-42E1-99E3-7B55DB3077C1}.ReleaseSQL-Vault|Any CPU.ActiveCfg = Release|Any CPU
		{D87B981E-3056-42E1-99E3-7B55DB3077C1}.ReleaseSQL-Vault|Any CPU.Build.0 = Release|Any CPU
		{42593131-A83B-4496-B214-420FE184F06E}.Debug|Any CPU.ActiveCfg = Debug|Any CPU
		{42593131-A83B-4496-B214-420FE184F06E}.Debug|Any CPU.Build.0 = Debug|Any CPU
		{42593131-A83B-4496-B214-420FE184F06E}.DebugDemo|Any CPU.ActiveCfg = Debug|Any CPU
		{42593131-A83B-4496-B214-420FE184F06E}.DebugDemo|Any CPU.Build.0 = Debug|Any CPU
		{42593131-A83B-4496-B214-420FE184F06E}.DebugSqlExress|Any CPU.ActiveCfg = Debug|Any CPU
		{42593131-A83B-4496-B214-420FE184F06E}.DebugSqlExress|Any CPU.Build.0 = Debug|Any CPU
		{42593131-A83B-4496-B214-420FE184F06E}.Release|Any CPU.ActiveCfg = Release|Any CPU
		{42593131-A83B-4496-B214-420FE184F06E}.Release|Any CPU.Build.0 = Release|Any CPU
		{42593131-A83B-4496-B214-420FE184F06E}.ReleaseDBVault|Any CPU.ActiveCfg = Release|Any CPU
		{42593131-A83B-4496-B214-420FE184F06E}.ReleaseDBVault|Any CPU.Build.0 = Release|Any CPU
		{42593131-A83B-4496-B214-420FE184F06E}.ReleaseSQL-Vault|Any CPU.ActiveCfg = Release|Any CPU
		{42593131-A83B-4496-B214-420FE184F06E}.ReleaseSQL-Vault|Any CPU.Build.0 = Release|Any CPU
		{A09D861A-E726-4693-860B-AEDB45C4EA6F}.Debug|Any CPU.ActiveCfg = Debug|Any CPU
		{A09D861A-E726-4693-860B-AEDB45C4EA6F}.Debug|Any CPU.Build.0 = Debug|Any CPU
		{A09D861A-E726-4693-860B-AEDB45C4EA6F}.DebugDemo|Any CPU.ActiveCfg = Debug|Any CPU
		{A09D861A-E726-4693-860B-AEDB45C4EA6F}.DebugDemo|Any CPU.Build.0 = Debug|Any CPU
		{A09D861A-E726-4693-860B-AEDB45C4EA6F}.DebugSqlExress|Any CPU.ActiveCfg = Debug|Any CPU
		{A09D861A-E726-4693-860B-AEDB45C4EA6F}.DebugSqlExress|Any CPU.Build.0 = Debug|Any CPU
		{A09D861A-E726-4693-860B-AEDB45C4EA6F}.Release|Any CPU.ActiveCfg = Release|Any CPU
		{A09D861A-E726-4693-860B-AEDB45C4EA6F}.Release|Any CPU.Build.0 = Release|Any CPU
		{A09D861A-E726-4693-860B-AEDB45C4EA6F}.ReleaseDBVault|Any CPU.ActiveCfg = Release|Any CPU
		{A09D861A-E726-4693-860B-AEDB45C4EA6F}.ReleaseDBVault|Any CPU.Build.0 = Release|Any CPU
		{A09D861A-E726-4693-860B-AEDB45C4EA6F}.ReleaseSQL-Vault|Any CPU.ActiveCfg = Release|Any CPU
		{A09D861A-E726-4693-860B-AEDB45C4EA6F}.ReleaseSQL-Vault|Any CPU.Build.0 = Release|Any CPU
		{43CE1E0F-C159-4446-98A7-6AB5768AF49B}.Debug|Any CPU.ActiveCfg = Debug|Any CPU
		{43CE1E0F-C159-4446-98A7-6AB5768AF49B}.Debug|Any CPU.Build.0 = Debug|Any CPU
		{43CE1E0F-C159-4446-98A7-6AB5768AF49B}.DebugDemo|Any CPU.ActiveCfg = Debug|Any CPU
		{43CE1E0F-C159-4446-98A7-6AB5768AF49B}.DebugDemo|Any CPU.Build.0 = Debug|Any CPU
		{43CE1E0F-C159-4446-98A7-6AB5768AF49B}.DebugSqlExress|Any CPU.ActiveCfg = Debug|Any CPU
		{43CE1E0F-C159-4446-98A7-6AB5768AF49B}.DebugSqlExress|Any CPU.Build.0 = Debug|Any CPU
		{43CE1E0F-C159-4446-98A7-6AB5768AF49B}.Release|Any CPU.ActiveCfg = Release|Any CPU
		{43CE1E0F-C159-4446-98A7-6AB5768AF49B}.Release|Any CPU.Build.0 = Release|Any CPU
		{43CE1E0F-C159-4446-98A7-6AB5768AF49B}.ReleaseDBVault|Any CPU.ActiveCfg = Release|Any CPU
		{43CE1E0F-C159-4446-98A7-6AB5768AF49B}.ReleaseDBVault|Any CPU.Build.0 = Release|Any CPU
		{43CE1E0F-C159-4446-98A7-6AB5768AF49B}.ReleaseSQL-Vault|Any CPU.ActiveCfg = Release|Any CPU
		{43CE1E0F-C159-4446-98A7-6AB5768AF49B}.ReleaseSQL-Vault|Any CPU.Build.0 = Release|Any CPU
	EndGlobalSection
	GlobalSection(SolutionProperties) = preSolution
		HideSolutionNode = FALSE
	EndGlobalSection
	GlobalSection(NestedProjects) = preSolution
		{02C693EC-BEC2-46F6-AA66-A5BE4DD112E7} = {4BEAC25E-95EC-4498-B087-F41F4B245C1B}
		{0604D378-0083-4218-90C6-734BD509A283} = {CBE9E8B2-FA7B-4117-84AC-55C03BA86471}
		{A87259DD-F94F-4715-9F12-646D49A08049} = {43D46326-A471-485F-9D15-AFCE10032102}
		{5696042A-6CB0-4726-B4A7-F338E69B3865} = {DEBB0082-CB51-4FDC-8A24-BE4A4E6E3B87}
		{29AEA7E6-09F5-45C3-A692-B06ED76C6790} = {76DB51C8-7950-4B30-9E78-98D19293812D}
		{16C83465-731C-4384-A61B-4BBA6F8C86C3} = {CBE9E8B2-FA7B-4117-84AC-55C03BA86471}
		{3F7FF331-C6F0-4C1A-BE15-165F509741EF} = {76DB51C8-7950-4B30-9E78-98D19293812D}
		{E0A79F32-D5EE-4CA2-8575-E89BA453762B} = {4BEAC25E-95EC-4498-B087-F41F4B245C1B}
		{5248C243-B0D5-42B0-B796-0805A05154EF} = {DEBB0082-CB51-4FDC-8A24-BE4A4E6E3B87}
		{5445DC67-8AD8-4BC2-928F-46C96DF9FDE8} = {43D46326-A471-485F-9D15-AFCE10032102}
		{240AEE1E-C04F-4079-826C-9E022588BA10} = {43D46326-A471-485F-9D15-AFCE10032102}
		{126F2943-92DC-4923-B502-7B1A6776B09D} = {CBE9E8B2-FA7B-4117-84AC-55C03BA86471}
		{4D75A3DA-C693-491F-8654-041F4A768E8B} = {B6B70F8D-DA73-4322-9B5A-161326F83818}
		{FE802D5C-69D5-4BE1-AB14-718654B9C686} = {DEBB0082-CB51-4FDC-8A24-BE4A4E6E3B87}
		{51BAAE80-CAA9-4756-8787-8FFD4936BC12} = {43D46326-A471-485F-9D15-AFCE10032102}
		{16DAC80B-CCAC-43A3-9DFF-54C3604D4983} = {BBBE9E6D-39D2-42B3-BEA8-6B17C83005ED}
		{3E1CD924-F83E-419A-828E-1D9DC772E64C} = {BBBE9E6D-39D2-42B3-BEA8-6B17C83005ED}
		{B7E78673-3D44-4503-9253-16FA013BD456} = {43D46326-A471-485F-9D15-AFCE10032102}
		{657D68F7-A674-4886-8DF6-C6AEA81B0AC4} = {76DB51C8-7950-4B30-9E78-98D19293812D}
		{DBDCE9D5-C78A-4C35-B22D-FD21334C481D} = {4BEAC25E-95EC-4498-B087-F41F4B245C1B}
		{9C3AA9FD-5B9A-47D4-B8E3-3E4552B84745} = {DEBB0082-CB51-4FDC-8A24-BE4A4E6E3B87}
		{56DB5FE7-AFDD-4564-B8CE-CEC1D7203762} = {4BEAC25E-95EC-4498-B087-F41F4B245C1B}
		{6839F2A0-D3FC-4FC9-8A75-389709586B4C} = {CBE9E8B2-FA7B-4117-84AC-55C03BA86471}
		{C9DC80F0-1108-4BBB-947D-9EA7823F129A} = {76DB51C8-7950-4B30-9E78-98D19293812D}
		{BD517582-EFBB-443F-AD3C-49DA785F780A} = {43D46326-A471-485F-9D15-AFCE10032102}
		{46A762D4-8631-4757-8121-D4D2A5B357BB} = {DEBB0082-CB51-4FDC-8A24-BE4A4E6E3B87}
		{63ACD34E-4F73-458E-91D5-1079E101F45C} = {B6B70F8D-DA73-4322-9B5A-161326F83818}
		{CF2E02C5-C751-4645-86E5-15D3D83FF3F3} = {CBE9E8B2-FA7B-4117-84AC-55C03BA86471}
		{A5E51F65-A7AD-4386-B02C-C03070FDA69D} = {4BEAC25E-95EC-4498-B087-F41F4B245C1B}
		{2D57160A-F278-4E1B-AF03-9644B02935E9} = {76DB51C8-7950-4B30-9E78-98D19293812D}
		{C03260C6-F98E-4E3A-A0FF-7A184EA74AF5} = {DEBB0082-CB51-4FDC-8A24-BE4A4E6E3B87}
		{770E0E2B-3C06-4DF2-8EB8-54F0B1774090} = {DEBB0082-CB51-4FDC-8A24-BE4A4E6E3B87}
		{030A76F5-561B-4B33-9931-A5DC798042FE} = {CBE9E8B2-FA7B-4117-84AC-55C03BA86471}
		{537D71AA-B881-4F39-9F84-DF3A77B0E40D} = {4BEAC25E-95EC-4498-B087-F41F4B245C1B}
		{0C93209C-0113-432C-9D1F-DF223AF9C2D4} = {76DB51C8-7950-4B30-9E78-98D19293812D}
		{DB61B3F5-6659-4047-A5D3-5A3D4636614B} = {DEBB0082-CB51-4FDC-8A24-BE4A4E6E3B87}
		{8A3919BA-172A-4746-BE55-C41820F5DF8C} = {B6B70F8D-DA73-4322-9B5A-161326F83818}
		{8074BAC8-F7C6-469D-8CB7-75B1ED825783} = {4BEAC25E-95EC-4498-B087-F41F4B245C1B}
		{AC03ADB1-78BA-4B84-9E49-6ACEEEB13FE6} = {4BEAC25E-95EC-4498-B087-F41F4B245C1B}
		{FABF4906-188F-4228-B5C2-57665586E507} = {DEBB0082-CB51-4FDC-8A24-BE4A4E6E3B87}
		{2C4D43CF-5B38-4163-AC37-D33DE07494F2} = {53297F46-6BC9-45C5-BCE0-FCD9BA6E7E59}
		{7EFCD669-EA3A-43A2-B676-91279BF62116} = {4BEAC25E-95EC-4498-B087-F41F4B245C1B}
		{57F3BAEC-4741-400C-BC24-479A6CE0A3F1} = {CBE9E8B2-FA7B-4117-84AC-55C03BA86471}
		{D87B981E-3056-42E1-99E3-7B55DB3077C1} = {76DB51C8-7950-4B30-9E78-98D19293812D}
		{42593131-A83B-4496-B214-420FE184F06E} = {DEBB0082-CB51-4FDC-8A24-BE4A4E6E3B87}
		{A09D861A-E726-4693-860B-AEDB45C4EA6F} = {DEBB0082-CB51-4FDC-8A24-BE4A4E6E3B87}
		{43CE1E0F-C159-4446-98A7-6AB5768AF49B} = {4BEAC25E-95EC-4498-B087-F41F4B245C1B}
	EndGlobalSection
EndGlobal
